// !$*UTF8*$!
{
	archiveVersion = 1;
	classes = {
	};
	objectVersion = 46;
	objects = {

/* Begin PBXBuildFile section */
		E1667B771CAED05500FF9B26 /* libLoggerAPI.dylib in Frameworks */ = {isa = PBXBuildFile; fileRef = "_____Product_LoggerAPI" /* libLoggerAPI.dylib */; };
		E1667B781CAED05500FF9B26 /* libBlueSocket.dylib in Frameworks */ = {isa = PBXBuildFile; fileRef = "_____Product_BlueSocket" /* libBlueSocket.dylib */; };
		E1667B791CAED05500FF9B26 /* libKituraSys.dylib in Frameworks */ = {isa = PBXBuildFile; fileRef = "_____Product_KituraSys" /* libKituraSys.dylib */; };
		E1667B7A1CAED05500FF9B26 /* libLoggerAPI.dylib in Frameworks */ = {isa = PBXBuildFile; fileRef = "_____Product_LoggerAPI" /* libLoggerAPI.dylib */; };
		E1667B7B1CAED05500FF9B26 /* libBlueSocket.dylib in Frameworks */ = {isa = PBXBuildFile; fileRef = "_____Product_BlueSocket" /* libBlueSocket.dylib */; };
		E1667B7C1CAED05500FF9B26 /* libKituraSys.dylib in Frameworks */ = {isa = PBXBuildFile; fileRef = "_____Product_KituraSys" /* libKituraSys.dylib */; };
		E1667B7D1CAED05500FF9B26 /* libKitura-TemplateEngine.dylib in Frameworks */ = {isa = PBXBuildFile; fileRef = "_____Product_KituraTemplateEngine" /* libKitura-TemplateEngine.dylib */; };
		E1667B7E1CAED05500FF9B26 /* libSwiftyJSON.dylib in Frameworks */ = {isa = PBXBuildFile; fileRef = "_____Product_SwiftyJSON" /* libSwiftyJSON.dylib */; };
		E1667B7F1CAED05500FF9B26 /* libLoggerAPI.dylib in Frameworks */ = {isa = PBXBuildFile; fileRef = "_____Product_LoggerAPI" /* libLoggerAPI.dylib */; };
		E1667B801CAED05500FF9B26 /* libKituraNet.dylib in Frameworks */ = {isa = PBXBuildFile; fileRef = "_____Product_KituraNet" /* libKituraNet.dylib */; };
		E1667B811CAED05500FF9B26 /* libBlueSocket.dylib in Frameworks */ = {isa = PBXBuildFile; fileRef = "_____Product_BlueSocket" /* libBlueSocket.dylib */; };
		E1667B821CAED05500FF9B26 /* libKituraSys.dylib in Frameworks */ = {isa = PBXBuildFile; fileRef = "_____Product_KituraSys" /* libKituraSys.dylib */; };
		E1667B831CAED05500FF9B26 /* libKitura-TemplateEngine.dylib in Frameworks */ = {isa = PBXBuildFile; fileRef = "_____Product_KituraTemplateEngine" /* libKitura-TemplateEngine.dylib */; };
		E1667B841CAED05500FF9B26 /* libSwiftyJSON.dylib in Frameworks */ = {isa = PBXBuildFile; fileRef = "_____Product_SwiftyJSON" /* libSwiftyJSON.dylib */; };
		E1667B851CAED05500FF9B26 /* libLoggerAPI.dylib in Frameworks */ = {isa = PBXBuildFile; fileRef = "_____Product_LoggerAPI" /* libLoggerAPI.dylib */; };
		E1667B861CAED05500FF9B26 /* libKituraNet.dylib in Frameworks */ = {isa = PBXBuildFile; fileRef = "_____Product_KituraNet" /* libKituraNet.dylib */; };
		E1667B871CAED05500FF9B26 /* libLoggerAPI.dylib in Frameworks */ = {isa = PBXBuildFile; fileRef = "_____Product_LoggerAPI" /* libLoggerAPI.dylib */; };
		E1667B881CAED05500FF9B26 /* libSwiftyJSON.dylib in Frameworks */ = {isa = PBXBuildFile; fileRef = "_____Product_SwiftyJSON" /* libSwiftyJSON.dylib */; };
		E1667B891CAED05500FF9B26 /* libSwiftyJSON.dylib in Frameworks */ = {isa = PBXBuildFile; fileRef = "_____Product_SwiftyJSON" /* libSwiftyJSON.dylib */; };
		E1667B8A1CAED05500FF9B26 /* libBlueSocket.dylib in Frameworks */ = {isa = PBXBuildFile; fileRef = "_____Product_BlueSocket" /* libBlueSocket.dylib */; };
		E1667B8B1CAED05500FF9B26 /* libKituraSys.dylib in Frameworks */ = {isa = PBXBuildFile; fileRef = "_____Product_KituraSys" /* libKituraSys.dylib */; };
		E1667B8C1CAED05500FF9B26 /* libKitura-TemplateEngine.dylib in Frameworks */ = {isa = PBXBuildFile; fileRef = "_____Product_KituraTemplateEngine" /* libKitura-TemplateEngine.dylib */; };
		E1667B8D1CAED05500FF9B26 /* libSwiftyJSON.dylib in Frameworks */ = {isa = PBXBuildFile; fileRef = "_____Product_SwiftyJSON" /* libSwiftyJSON.dylib */; };
		E1667B8E1CAED05500FF9B26 /* libKituraNet.dylib in Frameworks */ = {isa = PBXBuildFile; fileRef = "_____Product_KituraNet" /* libKituraNet.dylib */; };
		E1667B8F1CAED05500FF9B26 /* libCFEnvironment.dylib in Frameworks */ = {isa = PBXBuildFile; fileRef = "_____Product_CFEnvironment" /* libCFEnvironment.dylib */; };
		E1667B901CAED05500FF9B26 /* libLoggerAPI.dylib in Frameworks */ = {isa = PBXBuildFile; fileRef = "_____Product_LoggerAPI" /* libLoggerAPI.dylib */; };
		E1667B911CAED05500FF9B26 /* libKitura.dylib in Frameworks */ = {isa = PBXBuildFile; fileRef = "_____Product_Kitura" /* libKitura.dylib */; };
		E1667B921CAED05500FF9B26 /* libBlueSocket.dylib in Frameworks */ = {isa = PBXBuildFile; fileRef = "_____Product_BlueSocket" /* libBlueSocket.dylib */; };
		E1667B931CAED05500FF9B26 /* libKituraSys.dylib in Frameworks */ = {isa = PBXBuildFile; fileRef = "_____Product_KituraSys" /* libKituraSys.dylib */; };
		E1667B941CAED05500FF9B26 /* libKitura-TemplateEngine.dylib in Frameworks */ = {isa = PBXBuildFile; fileRef = "_____Product_KituraTemplateEngine" /* libKitura-TemplateEngine.dylib */; };
		E1667B951CAED05500FF9B26 /* libSwiftyJSON.dylib in Frameworks */ = {isa = PBXBuildFile; fileRef = "_____Product_SwiftyJSON" /* libSwiftyJSON.dylib */; };
		E1667B961CAED05500FF9B26 /* libKituraNet.dylib in Frameworks */ = {isa = PBXBuildFile; fileRef = "_____Product_KituraNet" /* libKituraNet.dylib */; };
		E1667B971CAED05500FF9B26 /* libCFEnvironment.dylib in Frameworks */ = {isa = PBXBuildFile; fileRef = "_____Product_CFEnvironment" /* libCFEnvironment.dylib */; };
		E1667B981CAED05500FF9B26 /* libLoggerAPI.dylib in Frameworks */ = {isa = PBXBuildFile; fileRef = "_____Product_LoggerAPI" /* libLoggerAPI.dylib */; };
		E1667B991CAED05500FF9B26 /* libHeliumLogger.dylib in Frameworks */ = {isa = PBXBuildFile; fileRef = "_____Product_HeliumLogger" /* libHeliumLogger.dylib */; };
		E1667B9A1CAED05500FF9B26 /* libKitura.dylib in Frameworks */ = {isa = PBXBuildFile; fileRef = "_____Product_Kitura" /* libKitura.dylib */; };
		_LinkFileRef_BlueSocket /* libBlueSocket.dylib in Frameworks */ = {isa = PBXBuildFile; fileRef = "_____Product_BlueSocket" /* libBlueSocket.dylib */; };
		_LinkFileRef_CFEnvironment /* libCFEnvironment.dylib in Frameworks */ = {isa = PBXBuildFile; fileRef = "_____Product_CFEnvironment" /* libCFEnvironment.dylib */; };
		_LinkFileRef_HeliumLogger /* libHeliumLogger.dylib in Frameworks */ = {isa = PBXBuildFile; fileRef = "_____Product_HeliumLogger" /* libHeliumLogger.dylib */; };
		_LinkFileRef_Kitura /* libKitura.dylib in Frameworks */ = {isa = PBXBuildFile; fileRef = "_____Product_Kitura" /* libKitura.dylib */; };
		_LinkFileRef_KituraNet /* libKituraNet.dylib in Frameworks */ = {isa = PBXBuildFile; fileRef = "_____Product_KituraNet" /* libKituraNet.dylib */; };
		_LinkFileRef_KituraSys /* libKituraSys.dylib in Frameworks */ = {isa = PBXBuildFile; fileRef = "_____Product_KituraSys" /* libKituraSys.dylib */; };
		_LinkFileRef_KituraTemplateEngine /* libKitura-TemplateEngine.dylib in Frameworks */ = {isa = PBXBuildFile; fileRef = "_____Product_KituraTemplateEngine" /* libKitura-TemplateEngine.dylib */; };
		_LinkFileRef_LoggerAPI /* libLoggerAPI.dylib in Frameworks */ = {isa = PBXBuildFile; fileRef = "_____Product_LoggerAPI" /* libLoggerAPI.dylib */; };
		_LinkFileRef_SwiftyJSON /* libSwiftyJSON.dylib in Frameworks */ = {isa = PBXBuildFile; fileRef = "_____Product_SwiftyJSON" /* libSwiftyJSON.dylib */; };
		_LinkFileRef_TodoList /* TodoList in Frameworks */ = {isa = PBXBuildFile; fileRef = "_____Product_TodoList" /* TodoList */; };
		"__src_cc_ref_Packages/BlueSocket-0.2.3/Sources/BlueSocket.swift" /* BlueSocket.swift in Sources */ = {isa = PBXBuildFile; fileRef = "__PBXFileRef_Packages/BlueSocket-0.2.3/Sources/BlueSocket.swift" /* BlueSocket.swift */; };
		"__src_cc_ref_Packages/BlueSocket-0.2.3/Sources/BlueSocketProtocols.swift" /* BlueSocketProtocols.swift in Sources */ = {isa = PBXBuildFile; fileRef = "__PBXFileRef_Packages/BlueSocket-0.2.3/Sources/BlueSocketProtocols.swift" /* BlueSocketProtocols.swift */; };
		"__src_cc_ref_Packages/BlueSocket-0.2.3/Sources/BlueSocketUtils.swift" /* BlueSocketUtils.swift in Sources */ = {isa = PBXBuildFile; fileRef = "__PBXFileRef_Packages/BlueSocket-0.2.3/Sources/BlueSocketUtils.swift" /* BlueSocketUtils.swift */; };
		"__src_cc_ref_Packages/CFEnvironment-0.0.1/Sources/CFEnvironment/App.swift" /* App.swift in Sources */ = {isa = PBXBuildFile; fileRef = "__PBXFileRef_Packages/CFEnvironment-0.0.1/Sources/CFEnvironment/App.swift" /* App.swift */; };
		"__src_cc_ref_Packages/CFEnvironment-0.0.1/Sources/CFEnvironment/AppEnv.swift" /* AppEnv.swift in Sources */ = {isa = PBXBuildFile; fileRef = "__PBXFileRef_Packages/CFEnvironment-0.0.1/Sources/CFEnvironment/AppEnv.swift" /* AppEnv.swift */; };
		"__src_cc_ref_Packages/CFEnvironment-0.0.1/Sources/CFEnvironment/CFEnvironment.swift" /* CFEnvironment.swift in Sources */ = {isa = PBXBuildFile; fileRef = "__PBXFileRef_Packages/CFEnvironment-0.0.1/Sources/CFEnvironment/CFEnvironment.swift" /* CFEnvironment.swift */; };
		"__src_cc_ref_Packages/CFEnvironment-0.0.1/Sources/CFEnvironment/CFEnvironmentError.swift" /* CFEnvironmentError.swift in Sources */ = {isa = PBXBuildFile; fileRef = "__PBXFileRef_Packages/CFEnvironment-0.0.1/Sources/CFEnvironment/CFEnvironmentError.swift" /* CFEnvironmentError.swift */; };
		"__src_cc_ref_Packages/CFEnvironment-0.0.1/Sources/CFEnvironment/DateUtils.swift" /* DateUtils.swift in Sources */ = {isa = PBXBuildFile; fileRef = "__PBXFileRef_Packages/CFEnvironment-0.0.1/Sources/CFEnvironment/DateUtils.swift" /* DateUtils.swift */; };
		"__src_cc_ref_Packages/CFEnvironment-0.0.1/Sources/CFEnvironment/JSONUtils.swift" /* JSONUtils.swift in Sources */ = {isa = PBXBuildFile; fileRef = "__PBXFileRef_Packages/CFEnvironment-0.0.1/Sources/CFEnvironment/JSONUtils.swift" /* JSONUtils.swift */; };
		"__src_cc_ref_Packages/CFEnvironment-0.0.1/Sources/CFEnvironment/Service.swift" /* Service.swift in Sources */ = {isa = PBXBuildFile; fileRef = "__PBXFileRef_Packages/CFEnvironment-0.0.1/Sources/CFEnvironment/Service.swift" /* Service.swift */; };
		"__src_cc_ref_Packages/CFEnvironment-0.0.1/Tests/CFEnvironment/MainTests.swift" /* MainTests.swift in Sources */ = {isa = PBXBuildFile; fileRef = "__PBXFileRef_Packages/CFEnvironment-0.0.1/Tests/CFEnvironment/MainTests.swift" /* MainTests.swift */; };
		"__src_cc_ref_Packages/CFEnvironment-0.0.1/Tests/CFEnvironment/UtilsTests.swift" /* UtilsTests.swift in Sources */ = {isa = PBXBuildFile; fileRef = "__PBXFileRef_Packages/CFEnvironment-0.0.1/Tests/CFEnvironment/UtilsTests.swift" /* UtilsTests.swift */; };
		"__src_cc_ref_Packages/HeliumLogger-0.4.3/Sources/HeliumLogger/HeliumLogger.swift" /* HeliumLogger.swift in Sources */ = {isa = PBXBuildFile; fileRef = "__PBXFileRef_Packages/HeliumLogger-0.4.3/Sources/HeliumLogger/HeliumLogger.swift" /* HeliumLogger.swift */; };
		"__src_cc_ref_Packages/Kitura-0.6.0/Sources/Kitura/Router.swift" /* Router.swift in Sources */ = {isa = PBXBuildFile; fileRef = "__PBXFileRef_Packages/Kitura-0.6.0/Sources/Kitura/Router.swift" /* Router.swift */; };
		"__src_cc_ref_Packages/Kitura-0.6.0/Sources/Kitura/RouterElement.swift" /* RouterElement.swift in Sources */ = {isa = PBXBuildFile; fileRef = "__PBXFileRef_Packages/Kitura-0.6.0/Sources/Kitura/RouterElement.swift" /* RouterElement.swift */; };
		"__src_cc_ref_Packages/Kitura-0.6.0/Sources/Kitura/RouterMiddleware.swift" /* RouterMiddleware.swift in Sources */ = {isa = PBXBuildFile; fileRef = "__PBXFileRef_Packages/Kitura-0.6.0/Sources/Kitura/RouterMiddleware.swift" /* RouterMiddleware.swift */; };
		"__src_cc_ref_Packages/Kitura-0.6.0/Sources/Kitura/RouterMiddlewareGenerator.swift" /* RouterMiddlewareGenerator.swift in Sources */ = {isa = PBXBuildFile; fileRef = "__PBXFileRef_Packages/Kitura-0.6.0/Sources/Kitura/RouterMiddlewareGenerator.swift" /* RouterMiddlewareGenerator.swift */; };
		"__src_cc_ref_Packages/Kitura-0.6.0/Sources/Kitura/RouterRequest.swift" /* RouterRequest.swift in Sources */ = {isa = PBXBuildFile; fileRef = "__PBXFileRef_Packages/Kitura-0.6.0/Sources/Kitura/RouterRequest.swift" /* RouterRequest.swift */; };
		"__src_cc_ref_Packages/Kitura-0.6.0/Sources/Kitura/RouterResponse.swift" /* RouterResponse.swift in Sources */ = {isa = PBXBuildFile; fileRef = "__PBXFileRef_Packages/Kitura-0.6.0/Sources/Kitura/RouterResponse.swift" /* RouterResponse.swift */; };
		"__src_cc_ref_Packages/Kitura-0.6.0/Sources/Kitura/bodyParser/BodyParser.swift" /* bodyParser/BodyParser.swift in Sources */ = {isa = PBXBuildFile; fileRef = "__PBXFileRef_Packages/Kitura-0.6.0/Sources/Kitura/bodyParser/BodyParser.swift" /* bodyParser/BodyParser.swift */; };
		"__src_cc_ref_Packages/Kitura-0.6.0/Sources/Kitura/contentType/ContentType.swift" /* contentType/ContentType.swift in Sources */ = {isa = PBXBuildFile; fileRef = "__PBXFileRef_Packages/Kitura-0.6.0/Sources/Kitura/contentType/ContentType.swift" /* contentType/ContentType.swift */; };
		"__src_cc_ref_Packages/Kitura-0.6.0/Sources/Kitura/contentType/types.swift" /* contentType/types.swift in Sources */ = {isa = PBXBuildFile; fileRef = "__PBXFileRef_Packages/Kitura-0.6.0/Sources/Kitura/contentType/types.swift" /* contentType/types.swift */; };
		"__src_cc_ref_Packages/Kitura-0.6.0/Sources/Kitura/staticFileServer/StaticFileServer.swift" /* staticFileServer/StaticFileServer.swift in Sources */ = {isa = PBXBuildFile; fileRef = "__PBXFileRef_Packages/Kitura-0.6.0/Sources/Kitura/staticFileServer/StaticFileServer.swift" /* staticFileServer/StaticFileServer.swift */; };
		"__src_cc_ref_Packages/Kitura-0.6.0/Tests/Kitura/KituraTest.swift" /* KituraTest.swift in Sources */ = {isa = PBXBuildFile; fileRef = "__PBXFileRef_Packages/Kitura-0.6.0/Tests/Kitura/KituraTest.swift" /* KituraTest.swift */; };
		"__src_cc_ref_Packages/Kitura-0.6.0/Tests/Kitura/TestContentType.swift" /* TestContentType.swift in Sources */ = {isa = PBXBuildFile; fileRef = "__PBXFileRef_Packages/Kitura-0.6.0/Tests/Kitura/TestContentType.swift" /* TestContentType.swift */; };
		"__src_cc_ref_Packages/Kitura-0.6.0/Tests/Kitura/TestCookies.swift" /* TestCookies.swift in Sources */ = {isa = PBXBuildFile; fileRef = "__PBXFileRef_Packages/Kitura-0.6.0/Tests/Kitura/TestCookies.swift" /* TestCookies.swift */; };
		"__src_cc_ref_Packages/Kitura-0.6.0/Tests/Kitura/TestErrors.swift" /* TestErrors.swift in Sources */ = {isa = PBXBuildFile; fileRef = "__PBXFileRef_Packages/Kitura-0.6.0/Tests/Kitura/TestErrors.swift" /* TestErrors.swift */; };
		"__src_cc_ref_Packages/Kitura-0.6.0/Tests/Kitura/TestMultiplicity.swift" /* TestMultiplicity.swift in Sources */ = {isa = PBXBuildFile; fileRef = "__PBXFileRef_Packages/Kitura-0.6.0/Tests/Kitura/TestMultiplicity.swift" /* TestMultiplicity.swift */; };
		"__src_cc_ref_Packages/Kitura-0.6.0/Tests/Kitura/TestResponse.swift" /* TestResponse.swift in Sources */ = {isa = PBXBuildFile; fileRef = "__PBXFileRef_Packages/Kitura-0.6.0/Tests/Kitura/TestResponse.swift" /* TestResponse.swift */; };
		"__src_cc_ref_Packages/Kitura-0.6.0/Tests/net/ClientTests.swift" /* ClientTests.swift in Sources */ = {isa = PBXBuildFile; fileRef = "__PBXFileRef_Packages/Kitura-0.6.0/Tests/net/ClientTests.swift" /* ClientTests.swift */; };
		"__src_cc_ref_Packages/Kitura-0.6.0/Tests/net/ParserTests.swift" /* ParserTests.swift in Sources */ = {isa = PBXBuildFile; fileRef = "__PBXFileRef_Packages/Kitura-0.6.0/Tests/net/ParserTests.swift" /* ParserTests.swift */; };
		"__src_cc_ref_Packages/Kitura-Sys-0.6.0/Sources/KituraSys/Queue.swift" /* Queue.swift in Sources */ = {isa = PBXBuildFile; fileRef = "__PBXFileRef_Packages/Kitura-Sys-0.6.0/Sources/KituraSys/Queue.swift" /* Queue.swift */; };
		"__src_cc_ref_Packages/Kitura-Sys-0.6.0/Sources/KituraSys/Server.swift" /* Server.swift in Sources */ = {isa = PBXBuildFile; fileRef = "__PBXFileRef_Packages/Kitura-Sys-0.6.0/Sources/KituraSys/Server.swift" /* Server.swift */; };
		"__src_cc_ref_Packages/Kitura-Sys-0.6.0/Sources/KituraSys/StringUtils.swift" /* StringUtils.swift in Sources */ = {isa = PBXBuildFile; fileRef = "__PBXFileRef_Packages/Kitura-Sys-0.6.0/Sources/KituraSys/StringUtils.swift" /* StringUtils.swift */; };
		"__src_cc_ref_Packages/Kitura-Sys-0.6.0/Sources/KituraSys/SysUtils.swift" /* SysUtils.swift in Sources */ = {isa = PBXBuildFile; fileRef = "__PBXFileRef_Packages/Kitura-Sys-0.6.0/Sources/KituraSys/SysUtils.swift" /* SysUtils.swift */; };
		"__src_cc_ref_Packages/Kitura-TemplateEngine-0.0.2/Sources/TemplateEngine.swift" /* TemplateEngine.swift in Sources */ = {isa = PBXBuildFile; fileRef = "__PBXFileRef_Packages/Kitura-TemplateEngine-0.0.2/Sources/TemplateEngine.swift" /* TemplateEngine.swift */; };
		"__src_cc_ref_Packages/Kitura-net-0.6.0/Sources/KituraNet/BufferList.swift" /* BufferList.swift in Sources */ = {isa = PBXBuildFile; fileRef = "__PBXFileRef_Packages/Kitura-net-0.6.0/Sources/KituraNet/BufferList.swift" /* BufferList.swift */; };
		"__src_cc_ref_Packages/Kitura-net-0.6.0/Sources/KituraNet/ClientRequest.swift" /* ClientRequest.swift in Sources */ = {isa = PBXBuildFile; fileRef = "__PBXFileRef_Packages/Kitura-net-0.6.0/Sources/KituraNet/ClientRequest.swift" /* ClientRequest.swift */; };
		"__src_cc_ref_Packages/Kitura-net-0.6.0/Sources/KituraNet/ClientResponse.swift" /* ClientResponse.swift in Sources */ = {isa = PBXBuildFile; fileRef = "__PBXFileRef_Packages/Kitura-net-0.6.0/Sources/KituraNet/ClientResponse.swift" /* ClientResponse.swift */; };
		"__src_cc_ref_Packages/Kitura-net-0.6.0/Sources/KituraNet/Http.swift" /* Http.swift in Sources */ = {isa = PBXBuildFile; fileRef = "__PBXFileRef_Packages/Kitura-net-0.6.0/Sources/KituraNet/Http.swift" /* Http.swift */; };
		"__src_cc_ref_Packages/Kitura-net-0.6.0/Sources/KituraNet/HttpParser/HttpParser.swift" /* HttpParser/HttpParser.swift in Sources */ = {isa = PBXBuildFile; fileRef = "__PBXFileRef_Packages/Kitura-net-0.6.0/Sources/KituraNet/HttpParser/HttpParser.swift" /* HttpParser/HttpParser.swift */; };
		"__src_cc_ref_Packages/Kitura-net-0.6.0/Sources/KituraNet/HttpParser/UrlParser.swift" /* HttpParser/UrlParser.swift in Sources */ = {isa = PBXBuildFile; fileRef = "__PBXFileRef_Packages/Kitura-net-0.6.0/Sources/KituraNet/HttpParser/UrlParser.swift" /* HttpParser/UrlParser.swift */; };
		"__src_cc_ref_Packages/Kitura-net-0.6.0/Sources/KituraNet/HttpServer.swift" /* HttpServer.swift in Sources */ = {isa = PBXBuildFile; fileRef = "__PBXFileRef_Packages/Kitura-net-0.6.0/Sources/KituraNet/HttpServer.swift" /* HttpServer.swift */; };
		"__src_cc_ref_Packages/Kitura-net-0.6.0/Sources/KituraNet/HttpServerSpi.swift" /* HttpServerSpi.swift in Sources */ = {isa = PBXBuildFile; fileRef = "__PBXFileRef_Packages/Kitura-net-0.6.0/Sources/KituraNet/HttpServerSpi.swift" /* HttpServerSpi.swift */; };
		"__src_cc_ref_Packages/Kitura-net-0.6.0/Sources/KituraNet/IncomingMessage.swift" /* IncomingMessage.swift in Sources */ = {isa = PBXBuildFile; fileRef = "__PBXFileRef_Packages/Kitura-net-0.6.0/Sources/KituraNet/IncomingMessage.swift" /* IncomingMessage.swift */; };
		"__src_cc_ref_Packages/Kitura-net-0.6.0/Sources/KituraNet/ServerRequest.swift" /* ServerRequest.swift in Sources */ = {isa = PBXBuildFile; fileRef = "__PBXFileRef_Packages/Kitura-net-0.6.0/Sources/KituraNet/ServerRequest.swift" /* ServerRequest.swift */; };
		"__src_cc_ref_Packages/Kitura-net-0.6.0/Sources/KituraNet/ServerResponse.swift" /* ServerResponse.swift in Sources */ = {isa = PBXBuildFile; fileRef = "__PBXFileRef_Packages/Kitura-net-0.6.0/Sources/KituraNet/ServerResponse.swift" /* ServerResponse.swift */; };
		"__src_cc_ref_Packages/Kitura-net-0.6.0/Sources/KituraNet/SpiUtils.swift" /* SpiUtils.swift in Sources */ = {isa = PBXBuildFile; fileRef = "__PBXFileRef_Packages/Kitura-net-0.6.0/Sources/KituraNet/SpiUtils.swift" /* SpiUtils.swift */; };
		"__src_cc_ref_Packages/LoggerAPI-0.4.0/Sources/LoggerAPI/Logger.swift" /* Logger.swift in Sources */ = {isa = PBXBuildFile; fileRef = "__PBXFileRef_Packages/LoggerAPI-0.4.0/Sources/LoggerAPI/Logger.swift" /* Logger.swift */; };
		"__src_cc_ref_Packages/SwiftyJSON-2.3.3/Source/SwiftyJSON.swift" /* SwiftyJSON.swift in Sources */ = {isa = PBXBuildFile; fileRef = "__PBXFileRef_Packages/SwiftyJSON-2.3.3/Source/SwiftyJSON.swift" /* SwiftyJSON.swift */; };
		__src_cc_ref_Sources/TodoList/Controllers/App.swift /* Controllers/App.swift in Sources */ = {isa = PBXBuildFile; fileRef = __PBXFileRef_Sources/TodoList/Controllers/App.swift /* Controllers/App.swift */; };
		__src_cc_ref_Sources/TodoList/main.swift /* main.swift in Sources */ = {isa = PBXBuildFile; fileRef = __PBXFileRef_Sources/TodoList/main.swift /* main.swift */; };
		__src_cc_ref_Sources/TodoList/models/TodoCollection.swift /* models/TodoCollection.swift in Sources */ = {isa = PBXBuildFile; fileRef = __PBXFileRef_Sources/TodoList/models/TodoCollection.swift /* models/TodoCollection.swift */; };
		__src_cc_ref_Sources/TodoList/models/TodoCollectionArray.swift /* models/TodoCollectionArray.swift in Sources */ = {isa = PBXBuildFile; fileRef = __PBXFileRef_Sources/TodoList/models/TodoCollectionArray.swift /* models/TodoCollectionArray.swift */; };
		__src_cc_ref_Sources/TodoList/models/TodoItem.swift /* models/TodoItem.swift in Sources */ = {isa = PBXBuildFile; fileRef = __PBXFileRef_Sources/TodoList/models/TodoItem.swift /* models/TodoItem.swift */; };
		__src_cc_ref_Tests/TodoList/TodoCollectionTests.swift /* TodoCollectionTests.swift in Sources */ = {isa = PBXBuildFile; fileRef = __PBXFileRef_Tests/TodoList/TodoCollectionTests.swift /* TodoCollectionTests.swift */; };
/* End PBXBuildFile section */

/* Begin PBXContainerItemProxy section */
		E1667B9B1CAED05500FF9B26 /* PBXContainerItemProxy */ = {
			isa = PBXContainerItemProxy;
			containerPortal = __RootObject_ /* Project object */;
			proxyType = 1;
			remoteGlobalIDString = "______Target_LoggerAPI";
			remoteInfo = LoggerAPI;
		};
		E1667B9C1CAED05500FF9B26 /* PBXContainerItemProxy */ = {
			isa = PBXContainerItemProxy;
			containerPortal = __RootObject_ /* Project object */;
			proxyType = 1;
			remoteGlobalIDString = "______Target_BlueSocket";
			remoteInfo = BlueSocket;
		};
		E1667B9D1CAED05500FF9B26 /* PBXContainerItemProxy */ = {
			isa = PBXContainerItemProxy;
			containerPortal = __RootObject_ /* Project object */;
			proxyType = 1;
			remoteGlobalIDString = "______Target_KituraSys";
			remoteInfo = KituraSys;
		};
		E1667B9E1CAED05500FF9B26 /* PBXContainerItemProxy */ = {
			isa = PBXContainerItemProxy;
			containerPortal = __RootObject_ /* Project object */;
			proxyType = 1;
			remoteGlobalIDString = "______Target_KituraTemplateEngine";
			remoteInfo = "Kitura-TemplateEngine";
		};
		E1667B9F1CAED05500FF9B26 /* PBXContainerItemProxy */ = {
			isa = PBXContainerItemProxy;
			containerPortal = __RootObject_ /* Project object */;
			proxyType = 1;
			remoteGlobalIDString = "______Target_SwiftyJSON";
			remoteInfo = SwiftyJSON;
		};
		E1667BA01CAED05500FF9B26 /* PBXContainerItemProxy */ = {
			isa = PBXContainerItemProxy;
			containerPortal = __RootObject_ /* Project object */;
			proxyType = 1;
			remoteGlobalIDString = "______Target_KituraNet";
			remoteInfo = KituraNet;
		};
		E1667BA11CAED05500FF9B26 /* PBXContainerItemProxy */ = {
			isa = PBXContainerItemProxy;
			containerPortal = __RootObject_ /* Project object */;
			proxyType = 1;
			remoteGlobalIDString = "______Target_CFEnvironment";
			remoteInfo = CFEnvironment;
		};
		E1667BA21CAED05500FF9B26 /* PBXContainerItemProxy */ = {
			isa = PBXContainerItemProxy;
			containerPortal = __RootObject_ /* Project object */;
			proxyType = 1;
			remoteGlobalIDString = "______Target_HeliumLogger";
			remoteInfo = HeliumLogger;
		};
		E1667BA31CAED05500FF9B26 /* PBXContainerItemProxy */ = {
			isa = PBXContainerItemProxy;
			containerPortal = __RootObject_ /* Project object */;
			proxyType = 1;
			remoteGlobalIDString = "______Target_Kitura";
			remoteInfo = Kitura;
		};
		E1667BA41CAED05500FF9B26 /* PBXContainerItemProxy */ = {
			isa = PBXContainerItemProxy;
			containerPortal = __RootObject_ /* Project object */;
			proxyType = 1;
			remoteGlobalIDString = "______Target_TodoList";
			remoteInfo = TodoList;
		};
/* End PBXContainerItemProxy section */

/* Begin PBXFileReference section */
		__PBXFileRef_Package.swift /* Package.swift */ = {isa = PBXFileReference; lastKnownFileType = sourcecode.swift; name = Package.swift; path = "/Users/Robert/MIL/KituraProject/Kitura-TodoList/Package.swift"; sourceTree = "<group>"; };
		"__PBXFileRef_Packages/BlueSocket-0.2.3/Sources/BlueSocket.swift" /* BlueSocket.swift */ = {isa = PBXFileReference; lastKnownFileType = sourcecode.swift; path = BlueSocket.swift; sourceTree = "<group>"; };
		"__PBXFileRef_Packages/BlueSocket-0.2.3/Sources/BlueSocketProtocols.swift" /* BlueSocketProtocols.swift */ = {isa = PBXFileReference; lastKnownFileType = sourcecode.swift; path = BlueSocketProtocols.swift; sourceTree = "<group>"; };
		"__PBXFileRef_Packages/BlueSocket-0.2.3/Sources/BlueSocketUtils.swift" /* BlueSocketUtils.swift */ = {isa = PBXFileReference; lastKnownFileType = sourcecode.swift; path = BlueSocketUtils.swift; sourceTree = "<group>"; };
		"__PBXFileRef_Packages/CFEnvironment-0.0.1/Sources/CFEnvironment/App.swift" /* App.swift */ = {isa = PBXFileReference; lastKnownFileType = sourcecode.swift; path = App.swift; sourceTree = "<group>"; };
		"__PBXFileRef_Packages/CFEnvironment-0.0.1/Sources/CFEnvironment/AppEnv.swift" /* AppEnv.swift */ = {isa = PBXFileReference; lastKnownFileType = sourcecode.swift; path = AppEnv.swift; sourceTree = "<group>"; };
		"__PBXFileRef_Packages/CFEnvironment-0.0.1/Sources/CFEnvironment/CFEnvironment.swift" /* CFEnvironment.swift */ = {isa = PBXFileReference; lastKnownFileType = sourcecode.swift; path = CFEnvironment.swift; sourceTree = "<group>"; };
		"__PBXFileRef_Packages/CFEnvironment-0.0.1/Sources/CFEnvironment/CFEnvironmentError.swift" /* CFEnvironmentError.swift */ = {isa = PBXFileReference; lastKnownFileType = sourcecode.swift; path = CFEnvironmentError.swift; sourceTree = "<group>"; };
		"__PBXFileRef_Packages/CFEnvironment-0.0.1/Sources/CFEnvironment/DateUtils.swift" /* DateUtils.swift */ = {isa = PBXFileReference; lastKnownFileType = sourcecode.swift; path = DateUtils.swift; sourceTree = "<group>"; };
		"__PBXFileRef_Packages/CFEnvironment-0.0.1/Sources/CFEnvironment/JSONUtils.swift" /* JSONUtils.swift */ = {isa = PBXFileReference; lastKnownFileType = sourcecode.swift; path = JSONUtils.swift; sourceTree = "<group>"; };
		"__PBXFileRef_Packages/CFEnvironment-0.0.1/Sources/CFEnvironment/Service.swift" /* Service.swift */ = {isa = PBXFileReference; lastKnownFileType = sourcecode.swift; path = Service.swift; sourceTree = "<group>"; };
		"__PBXFileRef_Packages/CFEnvironment-0.0.1/Tests/CFEnvironment/MainTests.swift" /* MainTests.swift */ = {isa = PBXFileReference; lastKnownFileType = sourcecode.swift; path = MainTests.swift; sourceTree = "<group>"; };
		"__PBXFileRef_Packages/CFEnvironment-0.0.1/Tests/CFEnvironment/UtilsTests.swift" /* UtilsTests.swift */ = {isa = PBXFileReference; lastKnownFileType = sourcecode.swift; path = UtilsTests.swift; sourceTree = "<group>"; };
		"__PBXFileRef_Packages/HeliumLogger-0.4.3/Sources/HeliumLogger/HeliumLogger.swift" /* HeliumLogger.swift */ = {isa = PBXFileReference; lastKnownFileType = sourcecode.swift; path = HeliumLogger.swift; sourceTree = "<group>"; };
		"__PBXFileRef_Packages/Kitura-0.6.0/Sources/Kitura/Router.swift" /* Router.swift */ = {isa = PBXFileReference; lastKnownFileType = sourcecode.swift; path = Router.swift; sourceTree = "<group>"; };
		"__PBXFileRef_Packages/Kitura-0.6.0/Sources/Kitura/RouterElement.swift" /* RouterElement.swift */ = {isa = PBXFileReference; lastKnownFileType = sourcecode.swift; path = RouterElement.swift; sourceTree = "<group>"; };
		"__PBXFileRef_Packages/Kitura-0.6.0/Sources/Kitura/RouterMiddleware.swift" /* RouterMiddleware.swift */ = {isa = PBXFileReference; lastKnownFileType = sourcecode.swift; path = RouterMiddleware.swift; sourceTree = "<group>"; };
		"__PBXFileRef_Packages/Kitura-0.6.0/Sources/Kitura/RouterMiddlewareGenerator.swift" /* RouterMiddlewareGenerator.swift */ = {isa = PBXFileReference; lastKnownFileType = sourcecode.swift; path = RouterMiddlewareGenerator.swift; sourceTree = "<group>"; };
		"__PBXFileRef_Packages/Kitura-0.6.0/Sources/Kitura/RouterRequest.swift" /* RouterRequest.swift */ = {isa = PBXFileReference; lastKnownFileType = sourcecode.swift; path = RouterRequest.swift; sourceTree = "<group>"; };
		"__PBXFileRef_Packages/Kitura-0.6.0/Sources/Kitura/RouterResponse.swift" /* RouterResponse.swift */ = {isa = PBXFileReference; lastKnownFileType = sourcecode.swift; path = RouterResponse.swift; sourceTree = "<group>"; };
		"__PBXFileRef_Packages/Kitura-0.6.0/Sources/Kitura/bodyParser/BodyParser.swift" /* bodyParser/BodyParser.swift */ = {isa = PBXFileReference; lastKnownFileType = sourcecode.swift; path = bodyParser/BodyParser.swift; sourceTree = "<group>"; };
		"__PBXFileRef_Packages/Kitura-0.6.0/Sources/Kitura/contentType/ContentType.swift" /* contentType/ContentType.swift */ = {isa = PBXFileReference; lastKnownFileType = sourcecode.swift; path = contentType/ContentType.swift; sourceTree = "<group>"; };
		"__PBXFileRef_Packages/Kitura-0.6.0/Sources/Kitura/contentType/types.swift" /* contentType/types.swift */ = {isa = PBXFileReference; lastKnownFileType = sourcecode.swift; path = contentType/types.swift; sourceTree = "<group>"; };
		"__PBXFileRef_Packages/Kitura-0.6.0/Sources/Kitura/staticFileServer/StaticFileServer.swift" /* staticFileServer/StaticFileServer.swift */ = {isa = PBXFileReference; lastKnownFileType = sourcecode.swift; path = staticFileServer/StaticFileServer.swift; sourceTree = "<group>"; };
		"__PBXFileRef_Packages/Kitura-0.6.0/Tests/Kitura/KituraTest.swift" /* KituraTest.swift */ = {isa = PBXFileReference; lastKnownFileType = sourcecode.swift; path = KituraTest.swift; sourceTree = "<group>"; };
		"__PBXFileRef_Packages/Kitura-0.6.0/Tests/Kitura/TestContentType.swift" /* TestContentType.swift */ = {isa = PBXFileReference; lastKnownFileType = sourcecode.swift; path = TestContentType.swift; sourceTree = "<group>"; };
		"__PBXFileRef_Packages/Kitura-0.6.0/Tests/Kitura/TestCookies.swift" /* TestCookies.swift */ = {isa = PBXFileReference; lastKnownFileType = sourcecode.swift; path = TestCookies.swift; sourceTree = "<group>"; };
		"__PBXFileRef_Packages/Kitura-0.6.0/Tests/Kitura/TestErrors.swift" /* TestErrors.swift */ = {isa = PBXFileReference; lastKnownFileType = sourcecode.swift; path = TestErrors.swift; sourceTree = "<group>"; };
		"__PBXFileRef_Packages/Kitura-0.6.0/Tests/Kitura/TestMultiplicity.swift" /* TestMultiplicity.swift */ = {isa = PBXFileReference; lastKnownFileType = sourcecode.swift; path = TestMultiplicity.swift; sourceTree = "<group>"; };
		"__PBXFileRef_Packages/Kitura-0.6.0/Tests/Kitura/TestResponse.swift" /* TestResponse.swift */ = {isa = PBXFileReference; lastKnownFileType = sourcecode.swift; path = TestResponse.swift; sourceTree = "<group>"; };
		"__PBXFileRef_Packages/Kitura-0.6.0/Tests/net/ClientTests.swift" /* ClientTests.swift */ = {isa = PBXFileReference; lastKnownFileType = sourcecode.swift; path = ClientTests.swift; sourceTree = "<group>"; };
		"__PBXFileRef_Packages/Kitura-0.6.0/Tests/net/ParserTests.swift" /* ParserTests.swift */ = {isa = PBXFileReference; lastKnownFileType = sourcecode.swift; path = ParserTests.swift; sourceTree = "<group>"; };
		"__PBXFileRef_Packages/Kitura-Sys-0.6.0/Sources/KituraSys/Queue.swift" /* Queue.swift */ = {isa = PBXFileReference; lastKnownFileType = sourcecode.swift; path = Queue.swift; sourceTree = "<group>"; };
		"__PBXFileRef_Packages/Kitura-Sys-0.6.0/Sources/KituraSys/Server.swift" /* Server.swift */ = {isa = PBXFileReference; lastKnownFileType = sourcecode.swift; path = Server.swift; sourceTree = "<group>"; };
		"__PBXFileRef_Packages/Kitura-Sys-0.6.0/Sources/KituraSys/StringUtils.swift" /* StringUtils.swift */ = {isa = PBXFileReference; lastKnownFileType = sourcecode.swift; path = StringUtils.swift; sourceTree = "<group>"; };
		"__PBXFileRef_Packages/Kitura-Sys-0.6.0/Sources/KituraSys/SysUtils.swift" /* SysUtils.swift */ = {isa = PBXFileReference; lastKnownFileType = sourcecode.swift; path = SysUtils.swift; sourceTree = "<group>"; };
		"__PBXFileRef_Packages/Kitura-TemplateEngine-0.0.2/Sources/TemplateEngine.swift" /* TemplateEngine.swift */ = {isa = PBXFileReference; lastKnownFileType = sourcecode.swift; path = TemplateEngine.swift; sourceTree = "<group>"; };
		"__PBXFileRef_Packages/Kitura-net-0.6.0/Sources/KituraNet/BufferList.swift" /* BufferList.swift */ = {isa = PBXFileReference; lastKnownFileType = sourcecode.swift; path = BufferList.swift; sourceTree = "<group>"; };
		"__PBXFileRef_Packages/Kitura-net-0.6.0/Sources/KituraNet/ClientRequest.swift" /* ClientRequest.swift */ = {isa = PBXFileReference; lastKnownFileType = sourcecode.swift; path = ClientRequest.swift; sourceTree = "<group>"; };
		"__PBXFileRef_Packages/Kitura-net-0.6.0/Sources/KituraNet/ClientResponse.swift" /* ClientResponse.swift */ = {isa = PBXFileReference; lastKnownFileType = sourcecode.swift; path = ClientResponse.swift; sourceTree = "<group>"; };
		"__PBXFileRef_Packages/Kitura-net-0.6.0/Sources/KituraNet/Http.swift" /* Http.swift */ = {isa = PBXFileReference; lastKnownFileType = sourcecode.swift; path = Http.swift; sourceTree = "<group>"; };
		"__PBXFileRef_Packages/Kitura-net-0.6.0/Sources/KituraNet/HttpParser/HttpParser.swift" /* HttpParser/HttpParser.swift */ = {isa = PBXFileReference; lastKnownFileType = sourcecode.swift; path = HttpParser/HttpParser.swift; sourceTree = "<group>"; };
		"__PBXFileRef_Packages/Kitura-net-0.6.0/Sources/KituraNet/HttpParser/UrlParser.swift" /* HttpParser/UrlParser.swift */ = {isa = PBXFileReference; lastKnownFileType = sourcecode.swift; path = HttpParser/UrlParser.swift; sourceTree = "<group>"; };
		"__PBXFileRef_Packages/Kitura-net-0.6.0/Sources/KituraNet/HttpServer.swift" /* HttpServer.swift */ = {isa = PBXFileReference; lastKnownFileType = sourcecode.swift; path = HttpServer.swift; sourceTree = "<group>"; };
		"__PBXFileRef_Packages/Kitura-net-0.6.0/Sources/KituraNet/HttpServerSpi.swift" /* HttpServerSpi.swift */ = {isa = PBXFileReference; lastKnownFileType = sourcecode.swift; path = HttpServerSpi.swift; sourceTree = "<group>"; };
		"__PBXFileRef_Packages/Kitura-net-0.6.0/Sources/KituraNet/IncomingMessage.swift" /* IncomingMessage.swift */ = {isa = PBXFileReference; lastKnownFileType = sourcecode.swift; path = IncomingMessage.swift; sourceTree = "<group>"; };
		"__PBXFileRef_Packages/Kitura-net-0.6.0/Sources/KituraNet/ServerRequest.swift" /* ServerRequest.swift */ = {isa = PBXFileReference; lastKnownFileType = sourcecode.swift; path = ServerRequest.swift; sourceTree = "<group>"; };
		"__PBXFileRef_Packages/Kitura-net-0.6.0/Sources/KituraNet/ServerResponse.swift" /* ServerResponse.swift */ = {isa = PBXFileReference; lastKnownFileType = sourcecode.swift; path = ServerResponse.swift; sourceTree = "<group>"; };
		"__PBXFileRef_Packages/Kitura-net-0.6.0/Sources/KituraNet/SpiUtils.swift" /* SpiUtils.swift */ = {isa = PBXFileReference; lastKnownFileType = sourcecode.swift; path = SpiUtils.swift; sourceTree = "<group>"; };
		"__PBXFileRef_Packages/LoggerAPI-0.4.0/Sources/LoggerAPI/Logger.swift" /* Logger.swift */ = {isa = PBXFileReference; lastKnownFileType = sourcecode.swift; path = Logger.swift; sourceTree = "<group>"; };
		"__PBXFileRef_Packages/SwiftyJSON-2.3.3/Source/SwiftyJSON.swift" /* SwiftyJSON.swift */ = {isa = PBXFileReference; lastKnownFileType = sourcecode.swift; path = SwiftyJSON.swift; sourceTree = "<group>"; };
		__PBXFileRef_Sources/TodoList/Controllers/App.swift /* Controllers/App.swift */ = {isa = PBXFileReference; lastKnownFileType = sourcecode.swift; path = Controllers/App.swift; sourceTree = "<group>"; };
		__PBXFileRef_Sources/TodoList/main.swift /* main.swift */ = {isa = PBXFileReference; lastKnownFileType = sourcecode.swift; path = main.swift; sourceTree = "<group>"; };
		__PBXFileRef_Sources/TodoList/models/TodoCollection.swift /* models/TodoCollection.swift */ = {isa = PBXFileReference; lastKnownFileType = sourcecode.swift; path = models/TodoCollection.swift; sourceTree = "<group>"; };
		__PBXFileRef_Sources/TodoList/models/TodoCollectionArray.swift /* models/TodoCollectionArray.swift */ = {isa = PBXFileReference; lastKnownFileType = sourcecode.swift; path = models/TodoCollectionArray.swift; sourceTree = "<group>"; };
		__PBXFileRef_Sources/TodoList/models/TodoItem.swift /* models/TodoItem.swift */ = {isa = PBXFileReference; lastKnownFileType = sourcecode.swift; path = models/TodoItem.swift; sourceTree = "<group>"; };
		__PBXFileRef_Tests/TodoList/TodoCollectionTests.swift /* TodoCollectionTests.swift */ = {isa = PBXFileReference; lastKnownFileType = sourcecode.swift; path = TodoCollectionTests.swift; sourceTree = "<group>"; };
		"_____Product_BlueSocket" /* libBlueSocket.dylib */ = {isa = PBXFileReference; explicitFileType = "compiled.mach-o.dylib"; path = libBlueSocket.dylib; sourceTree = BUILT_PRODUCTS_DIR; };
		"_____Product_CFEnvironment" /* libCFEnvironment.dylib */ = {isa = PBXFileReference; explicitFileType = "compiled.mach-o.dylib"; path = libCFEnvironment.dylib; sourceTree = BUILT_PRODUCTS_DIR; };
		"_____Product_CFEnvironmentTestSuite" /* CFEnvironmentTestSuite.xctest */ = {isa = PBXFileReference; lastKnownFileType = file; name = CFEnvironmentTestSuite.xctest; path = CFEnvironment.testsuite.xctest; sourceTree = BUILT_PRODUCTS_DIR; };
		"_____Product_HeliumLogger" /* libHeliumLogger.dylib */ = {isa = PBXFileReference; explicitFileType = "compiled.mach-o.dylib"; path = libHeliumLogger.dylib; sourceTree = BUILT_PRODUCTS_DIR; };
		"_____Product_Kitura" /* libKitura.dylib */ = {isa = PBXFileReference; explicitFileType = "compiled.mach-o.dylib"; path = libKitura.dylib; sourceTree = BUILT_PRODUCTS_DIR; };
		"_____Product_KituraNet" /* libKituraNet.dylib */ = {isa = PBXFileReference; explicitFileType = "compiled.mach-o.dylib"; path = libKituraNet.dylib; sourceTree = BUILT_PRODUCTS_DIR; };
		"_____Product_KituraSys" /* libKituraSys.dylib */ = {isa = PBXFileReference; explicitFileType = "compiled.mach-o.dylib"; path = libKituraSys.dylib; sourceTree = BUILT_PRODUCTS_DIR; };
		"_____Product_KituraTemplateEngine" /* libKitura-TemplateEngine.dylib */ = {isa = PBXFileReference; explicitFileType = "compiled.mach-o.dylib"; path = "libKitura-TemplateEngine.dylib"; sourceTree = BUILT_PRODUCTS_DIR; };
		"_____Product_KituraTestSuite" /* KituraTestSuite.xctest */ = {isa = PBXFileReference; lastKnownFileType = file; name = KituraTestSuite.xctest; path = Kitura.testsuite.xctest; sourceTree = BUILT_PRODUCTS_DIR; };
		"_____Product_LoggerAPI" /* libLoggerAPI.dylib */ = {isa = PBXFileReference; explicitFileType = "compiled.mach-o.dylib"; path = libLoggerAPI.dylib; sourceTree = BUILT_PRODUCTS_DIR; };
		"_____Product_SwiftyJSON" /* libSwiftyJSON.dylib */ = {isa = PBXFileReference; explicitFileType = "compiled.mach-o.dylib"; path = libSwiftyJSON.dylib; sourceTree = BUILT_PRODUCTS_DIR; };
		"_____Product_TodoList" /* TodoList */ = {isa = PBXFileReference; explicitFileType = "compiled.mach-o.executable"; path = TodoList; sourceTree = BUILT_PRODUCTS_DIR; };
		"_____Product_TodoListTestSuite" /* TodoListTestSuite.xctest */ = {isa = PBXFileReference; lastKnownFileType = file; name = TodoListTestSuite.xctest; path = TodoList.testsuite.xctest; sourceTree = BUILT_PRODUCTS_DIR; };
		"_____Product_netTestSuite" /* netTestSuite.xctest */ = {isa = PBXFileReference; lastKnownFileType = file; name = netTestSuite.xctest; path = net.testsuite.xctest; sourceTree = BUILT_PRODUCTS_DIR; };
/* End PBXFileReference section */

/* Begin PBXFrameworksBuildPhase section */
		"___LinkPhase_BlueSocket" /* Frameworks */ = {
			isa = PBXFrameworksBuildPhase;
			buildActionMask = 0;
			files = (
			);
			runOnlyForDeploymentPostprocessing = 0;
		};
		"___LinkPhase_CFEnvironment" /* Frameworks */ = {
			isa = PBXFrameworksBuildPhase;
			buildActionMask = 0;
			files = (
				E1667B881CAED05500FF9B26 /* libSwiftyJSON.dylib in Frameworks */,
			);
			runOnlyForDeploymentPostprocessing = 0;
		};
		"___LinkPhase_CFEnvironmentTestSuite" /* Frameworks */ = {
			isa = PBXFrameworksBuildPhase;
			buildActionMask = 0;
			files = (
				E1667B891CAED05500FF9B26 /* libSwiftyJSON.dylib in Frameworks */,
				_LinkFileRef_CFEnvironment /* libCFEnvironment.dylib in Frameworks */,
			);
			runOnlyForDeploymentPostprocessing = 0;
		};
		"___LinkPhase_HeliumLogger" /* Frameworks */ = {
			isa = PBXFrameworksBuildPhase;
			buildActionMask = 0;
			files = (
				E1667B871CAED05500FF9B26 /* libLoggerAPI.dylib in Frameworks */,
			);
			runOnlyForDeploymentPostprocessing = 0;
		};
		"___LinkPhase_Kitura" /* Frameworks */ = {
			isa = PBXFrameworksBuildPhase;
			buildActionMask = 0;
			files = (
				E1667B781CAED05500FF9B26 /* libBlueSocket.dylib in Frameworks */,
				E1667B791CAED05500FF9B26 /* libKituraSys.dylib in Frameworks */,
				_LinkFileRef_KituraTemplateEngine /* libKitura-TemplateEngine.dylib in Frameworks */,
				_LinkFileRef_SwiftyJSON /* libSwiftyJSON.dylib in Frameworks */,
				E1667B7A1CAED05500FF9B26 /* libLoggerAPI.dylib in Frameworks */,
				_LinkFileRef_KituraNet /* libKituraNet.dylib in Frameworks */,
			);
			runOnlyForDeploymentPostprocessing = 0;
		};
		"___LinkPhase_KituraNet" /* Frameworks */ = {
			isa = PBXFrameworksBuildPhase;
			buildActionMask = 0;
			files = (
				E1667B771CAED05500FF9B26 /* libLoggerAPI.dylib in Frameworks */,
				_LinkFileRef_BlueSocket /* libBlueSocket.dylib in Frameworks */,
				_LinkFileRef_KituraSys /* libKituraSys.dylib in Frameworks */,
			);
			runOnlyForDeploymentPostprocessing = 0;
		};
		"___LinkPhase_KituraSys" /* Frameworks */ = {
			isa = PBXFrameworksBuildPhase;
			buildActionMask = 0;
			files = (
				_LinkFileRef_LoggerAPI /* libLoggerAPI.dylib in Frameworks */,
			);
			runOnlyForDeploymentPostprocessing = 0;
		};
		"___LinkPhase_KituraTemplateEngine" /* Frameworks */ = {
			isa = PBXFrameworksBuildPhase;
			buildActionMask = 0;
			files = (
			);
			runOnlyForDeploymentPostprocessing = 0;
		};
		"___LinkPhase_KituraTestSuite" /* Frameworks */ = {
			isa = PBXFrameworksBuildPhase;
			buildActionMask = 0;
			files = (
				E1667B7B1CAED05500FF9B26 /* libBlueSocket.dylib in Frameworks */,
				E1667B7C1CAED05500FF9B26 /* libKituraSys.dylib in Frameworks */,
				E1667B7D1CAED05500FF9B26 /* libKitura-TemplateEngine.dylib in Frameworks */,
				E1667B7E1CAED05500FF9B26 /* libSwiftyJSON.dylib in Frameworks */,
				E1667B7F1CAED05500FF9B26 /* libLoggerAPI.dylib in Frameworks */,
				E1667B801CAED05500FF9B26 /* libKituraNet.dylib in Frameworks */,
				_LinkFileRef_Kitura /* libKitura.dylib in Frameworks */,
			);
			runOnlyForDeploymentPostprocessing = 0;
		};
		"___LinkPhase_LoggerAPI" /* Frameworks */ = {
			isa = PBXFrameworksBuildPhase;
			buildActionMask = 0;
			files = (
			);
			runOnlyForDeploymentPostprocessing = 0;
		};
		"___LinkPhase_SwiftyJSON" /* Frameworks */ = {
			isa = PBXFrameworksBuildPhase;
			buildActionMask = 0;
			files = (
			);
			runOnlyForDeploymentPostprocessing = 0;
		};
		"___LinkPhase_TodoList" /* Frameworks */ = {
			isa = PBXFrameworksBuildPhase;
			buildActionMask = 0;
			files = (
				E1667B8A1CAED05500FF9B26 /* libBlueSocket.dylib in Frameworks */,
				E1667B8B1CAED05500FF9B26 /* libKituraSys.dylib in Frameworks */,
				E1667B8C1CAED05500FF9B26 /* libKitura-TemplateEngine.dylib in Frameworks */,
				E1667B8D1CAED05500FF9B26 /* libSwiftyJSON.dylib in Frameworks */,
				E1667B8E1CAED05500FF9B26 /* libKituraNet.dylib in Frameworks */,
				E1667B8F1CAED05500FF9B26 /* libCFEnvironment.dylib in Frameworks */,
				E1667B901CAED05500FF9B26 /* libLoggerAPI.dylib in Frameworks */,
				_LinkFileRef_HeliumLogger /* libHeliumLogger.dylib in Frameworks */,
				E1667B911CAED05500FF9B26 /* libKitura.dylib in Frameworks */,
			);
			runOnlyForDeploymentPostprocessing = 0;
		};
		"___LinkPhase_TodoListTestSuite" /* Frameworks */ = {
			isa = PBXFrameworksBuildPhase;
			buildActionMask = 0;
			files = (
				E1667B921CAED05500FF9B26 /* libBlueSocket.dylib in Frameworks */,
				E1667B931CAED05500FF9B26 /* libKituraSys.dylib in Frameworks */,
				E1667B941CAED05500FF9B26 /* libKitura-TemplateEngine.dylib in Frameworks */,
				E1667B951CAED05500FF9B26 /* libSwiftyJSON.dylib in Frameworks */,
				E1667B961CAED05500FF9B26 /* libKituraNet.dylib in Frameworks */,
				E1667B971CAED05500FF9B26 /* libCFEnvironment.dylib in Frameworks */,
				E1667B981CAED05500FF9B26 /* libLoggerAPI.dylib in Frameworks */,
				E1667B991CAED05500FF9B26 /* libHeliumLogger.dylib in Frameworks */,
				E1667B9A1CAED05500FF9B26 /* libKitura.dylib in Frameworks */,
				_LinkFileRef_TodoList /* TodoList in Frameworks */,
			);
			runOnlyForDeploymentPostprocessing = 0;
		};
		"___LinkPhase_netTestSuite" /* Frameworks */ = {
			isa = PBXFrameworksBuildPhase;
			buildActionMask = 0;
			files = (
				E1667B811CAED05500FF9B26 /* libBlueSocket.dylib in Frameworks */,
				E1667B821CAED05500FF9B26 /* libKituraSys.dylib in Frameworks */,
				E1667B831CAED05500FF9B26 /* libKitura-TemplateEngine.dylib in Frameworks */,
				E1667B841CAED05500FF9B26 /* libSwiftyJSON.dylib in Frameworks */,
				E1667B851CAED05500FF9B26 /* libLoggerAPI.dylib in Frameworks */,
				E1667B861CAED05500FF9B26 /* libKituraNet.dylib in Frameworks */,
			);
			runOnlyForDeploymentPostprocessing = 0;
		};
/* End PBXFrameworksBuildPhase section */

/* Begin PBXGroup section */
		TestProducts_ /* Tests */ = {
			isa = PBXGroup;
			children = (
				"_____Product_KituraTestSuite" /* KituraTestSuite.xctest */,
				"_____Product_netTestSuite" /* netTestSuite.xctest */,
				"_____Product_CFEnvironmentTestSuite" /* CFEnvironmentTestSuite.xctest */,
				"_____Product_TodoListTestSuite" /* TodoListTestSuite.xctest */,
			);
			name = Tests;
			sourceTree = "<group>";
		};
		"___RootGroup_" = {
			isa = PBXGroup;
			children = (
				__PBXFileRef_Package.swift /* Package.swift */,
				"_____Sources_" /* Sources */,
				"_______Tests_" /* Tests */,
				"____Products_" /* Products */,
			);
			sourceTree = "<group>";
		};
		"____Products_" /* Products */ = {
			isa = PBXGroup;
			children = (
				TestProducts_ /* Tests */,
				"_____Product_LoggerAPI" /* libLoggerAPI.dylib */,
				"_____Product_KituraSys" /* libKituraSys.dylib */,
				"_____Product_BlueSocket" /* libBlueSocket.dylib */,
				"_____Product_KituraNet" /* libKituraNet.dylib */,
				"_____Product_SwiftyJSON" /* libSwiftyJSON.dylib */,
				"_____Product_KituraTemplateEngine" /* libKitura-TemplateEngine.dylib */,
				"_____Product_Kitura" /* libKitura.dylib */,
				"_____Product_HeliumLogger" /* libHeliumLogger.dylib */,
				"_____Product_CFEnvironment" /* libCFEnvironment.dylib */,
				"_____Product_TodoList" /* TodoList */,
			);
			name = Products;
			sourceTree = "<group>";
		};
		"_____Sources_" /* Sources */ = {
			isa = PBXGroup;
			children = (
				"_______Group_LoggerAPI" /* LoggerAPI */,
				"_______Group_KituraSys" /* KituraSys */,
				"_______Group_BlueSocket" /* BlueSocket */,
				"_______Group_KituraNet" /* KituraNet */,
				"_______Group_SwiftyJSON" /* SwiftyJSON */,
				"_______Group_KituraTemplateEngine" /* Kitura-TemplateEngine */,
				"_______Group_Kitura" /* Kitura */,
				"_______Group_HeliumLogger" /* HeliumLogger */,
				"_______Group_CFEnvironment" /* CFEnvironment */,
				"_______Group_TodoList" /* TodoList */,
			);
			name = Sources;
			sourceTree = "<group>";
		};
		"_______Group_BlueSocket" /* BlueSocket */ = {
			isa = PBXGroup;
			children = (
				"__PBXFileRef_Packages/BlueSocket-0.2.3/Sources/BlueSocket.swift" /* BlueSocket.swift */,
				"__PBXFileRef_Packages/BlueSocket-0.2.3/Sources/BlueSocketProtocols.swift" /* BlueSocketProtocols.swift */,
				"__PBXFileRef_Packages/BlueSocket-0.2.3/Sources/BlueSocketUtils.swift" /* BlueSocketUtils.swift */,
			);
			name = BlueSocket;
			path = "Packages/BlueSocket-0.2.3/Sources";
			sourceTree = "<group>";
		};
		"_______Group_CFEnvironment" /* CFEnvironment */ = {
			isa = PBXGroup;
			children = (
				"__PBXFileRef_Packages/CFEnvironment-0.0.1/Sources/CFEnvironment/App.swift" /* App.swift */,
				"__PBXFileRef_Packages/CFEnvironment-0.0.1/Sources/CFEnvironment/AppEnv.swift" /* AppEnv.swift */,
				"__PBXFileRef_Packages/CFEnvironment-0.0.1/Sources/CFEnvironment/CFEnvironment.swift" /* CFEnvironment.swift */,
				"__PBXFileRef_Packages/CFEnvironment-0.0.1/Sources/CFEnvironment/CFEnvironmentError.swift" /* CFEnvironmentError.swift */,
				"__PBXFileRef_Packages/CFEnvironment-0.0.1/Sources/CFEnvironment/DateUtils.swift" /* DateUtils.swift */,
				"__PBXFileRef_Packages/CFEnvironment-0.0.1/Sources/CFEnvironment/JSONUtils.swift" /* JSONUtils.swift */,
				"__PBXFileRef_Packages/CFEnvironment-0.0.1/Sources/CFEnvironment/Service.swift" /* Service.swift */,
			);
			name = CFEnvironment;
			path = "Packages/CFEnvironment-0.0.1/Sources/CFEnvironment";
			sourceTree = "<group>";
		};
		"_______Group_CFEnvironmentTestSuite" /* CFEnvironment.testsuite */ = {
			isa = PBXGroup;
			children = (
				"__PBXFileRef_Packages/CFEnvironment-0.0.1/Tests/CFEnvironment/MainTests.swift" /* MainTests.swift */,
				"__PBXFileRef_Packages/CFEnvironment-0.0.1/Tests/CFEnvironment/UtilsTests.swift" /* UtilsTests.swift */,
			);
			name = CFEnvironment.testsuite;
			path = "Packages/CFEnvironment-0.0.1/Tests/CFEnvironment";
			sourceTree = "<group>";
		};
		"_______Group_HeliumLogger" /* HeliumLogger */ = {
			isa = PBXGroup;
			children = (
				"__PBXFileRef_Packages/HeliumLogger-0.4.3/Sources/HeliumLogger/HeliumLogger.swift" /* HeliumLogger.swift */,
			);
			name = HeliumLogger;
			path = "Packages/HeliumLogger-0.4.3/Sources/HeliumLogger";
			sourceTree = "<group>";
		};
		"_______Group_Kitura" /* Kitura */ = {
			isa = PBXGroup;
			children = (
				"__PBXFileRef_Packages/Kitura-0.6.0/Sources/Kitura/Router.swift" /* Router.swift */,
				"__PBXFileRef_Packages/Kitura-0.6.0/Sources/Kitura/RouterElement.swift" /* RouterElement.swift */,
				"__PBXFileRef_Packages/Kitura-0.6.0/Sources/Kitura/RouterMiddleware.swift" /* RouterMiddleware.swift */,
				"__PBXFileRef_Packages/Kitura-0.6.0/Sources/Kitura/RouterMiddlewareGenerator.swift" /* RouterMiddlewareGenerator.swift */,
				"__PBXFileRef_Packages/Kitura-0.6.0/Sources/Kitura/RouterRequest.swift" /* RouterRequest.swift */,
				"__PBXFileRef_Packages/Kitura-0.6.0/Sources/Kitura/RouterResponse.swift" /* RouterResponse.swift */,
				"__PBXFileRef_Packages/Kitura-0.6.0/Sources/Kitura/bodyParser/BodyParser.swift" /* bodyParser/BodyParser.swift */,
				"__PBXFileRef_Packages/Kitura-0.6.0/Sources/Kitura/contentType/ContentType.swift" /* contentType/ContentType.swift */,
				"__PBXFileRef_Packages/Kitura-0.6.0/Sources/Kitura/contentType/types.swift" /* contentType/types.swift */,
				"__PBXFileRef_Packages/Kitura-0.6.0/Sources/Kitura/staticFileServer/StaticFileServer.swift" /* staticFileServer/StaticFileServer.swift */,
			);
			name = Kitura;
			path = "Packages/Kitura-0.6.0/Sources/Kitura";
			sourceTree = "<group>";
		};
		"_______Group_KituraNet" /* KituraNet */ = {
			isa = PBXGroup;
			children = (
				"__PBXFileRef_Packages/Kitura-net-0.6.0/Sources/KituraNet/BufferList.swift" /* BufferList.swift */,
				"__PBXFileRef_Packages/Kitura-net-0.6.0/Sources/KituraNet/ClientRequest.swift" /* ClientRequest.swift */,
				"__PBXFileRef_Packages/Kitura-net-0.6.0/Sources/KituraNet/ClientResponse.swift" /* ClientResponse.swift */,
				"__PBXFileRef_Packages/Kitura-net-0.6.0/Sources/KituraNet/Http.swift" /* Http.swift */,
				"__PBXFileRef_Packages/Kitura-net-0.6.0/Sources/KituraNet/HttpServer.swift" /* HttpServer.swift */,
				"__PBXFileRef_Packages/Kitura-net-0.6.0/Sources/KituraNet/HttpServerSpi.swift" /* HttpServerSpi.swift */,
				"__PBXFileRef_Packages/Kitura-net-0.6.0/Sources/KituraNet/IncomingMessage.swift" /* IncomingMessage.swift */,
				"__PBXFileRef_Packages/Kitura-net-0.6.0/Sources/KituraNet/ServerRequest.swift" /* ServerRequest.swift */,
				"__PBXFileRef_Packages/Kitura-net-0.6.0/Sources/KituraNet/ServerResponse.swift" /* ServerResponse.swift */,
				"__PBXFileRef_Packages/Kitura-net-0.6.0/Sources/KituraNet/SpiUtils.swift" /* SpiUtils.swift */,
				"__PBXFileRef_Packages/Kitura-net-0.6.0/Sources/KituraNet/HttpParser/HttpParser.swift" /* HttpParser/HttpParser.swift */,
				"__PBXFileRef_Packages/Kitura-net-0.6.0/Sources/KituraNet/HttpParser/UrlParser.swift" /* HttpParser/UrlParser.swift */,
			);
			name = KituraNet;
			path = "Packages/Kitura-net-0.6.0/Sources/KituraNet";
			sourceTree = "<group>";
		};
		"_______Group_KituraSys" /* KituraSys */ = {
			isa = PBXGroup;
			children = (
				"__PBXFileRef_Packages/Kitura-Sys-0.6.0/Sources/KituraSys/Queue.swift" /* Queue.swift */,
				"__PBXFileRef_Packages/Kitura-Sys-0.6.0/Sources/KituraSys/Server.swift" /* Server.swift */,
				"__PBXFileRef_Packages/Kitura-Sys-0.6.0/Sources/KituraSys/StringUtils.swift" /* StringUtils.swift */,
				"__PBXFileRef_Packages/Kitura-Sys-0.6.0/Sources/KituraSys/SysUtils.swift" /* SysUtils.swift */,
			);
			name = KituraSys;
			path = "Packages/Kitura-Sys-0.6.0/Sources/KituraSys";
			sourceTree = "<group>";
		};
		"_______Group_KituraTemplateEngine" /* Kitura-TemplateEngine */ = {
			isa = PBXGroup;
			children = (
				"__PBXFileRef_Packages/Kitura-TemplateEngine-0.0.2/Sources/TemplateEngine.swift" /* TemplateEngine.swift */,
			);
			name = "Kitura-TemplateEngine";
			path = "Packages/Kitura-TemplateEngine-0.0.2/Sources";
			sourceTree = "<group>";
		};
		"_______Group_KituraTestSuite" /* Kitura.testsuite */ = {
			isa = PBXGroup;
			children = (
				"__PBXFileRef_Packages/Kitura-0.6.0/Tests/Kitura/KituraTest.swift" /* KituraTest.swift */,
				"__PBXFileRef_Packages/Kitura-0.6.0/Tests/Kitura/TestContentType.swift" /* TestContentType.swift */,
				"__PBXFileRef_Packages/Kitura-0.6.0/Tests/Kitura/TestCookies.swift" /* TestCookies.swift */,
				"__PBXFileRef_Packages/Kitura-0.6.0/Tests/Kitura/TestErrors.swift" /* TestErrors.swift */,
				"__PBXFileRef_Packages/Kitura-0.6.0/Tests/Kitura/TestMultiplicity.swift" /* TestMultiplicity.swift */,
				"__PBXFileRef_Packages/Kitura-0.6.0/Tests/Kitura/TestResponse.swift" /* TestResponse.swift */,
			);
			name = Kitura.testsuite;
			path = "Packages/Kitura-0.6.0/Tests/Kitura";
			sourceTree = "<group>";
		};
		"_______Group_LoggerAPI" /* LoggerAPI */ = {
			isa = PBXGroup;
			children = (
				"__PBXFileRef_Packages/LoggerAPI-0.4.0/Sources/LoggerAPI/Logger.swift" /* Logger.swift */,
			);
			name = LoggerAPI;
			path = "Packages/LoggerAPI-0.4.0/Sources/LoggerAPI";
			sourceTree = "<group>";
		};
		"_______Group_SwiftyJSON" /* SwiftyJSON */ = {
			isa = PBXGroup;
			children = (
				"__PBXFileRef_Packages/SwiftyJSON-2.3.3/Source/SwiftyJSON.swift" /* SwiftyJSON.swift */,
			);
			name = SwiftyJSON;
			path = "Packages/SwiftyJSON-2.3.3/Source";
			sourceTree = "<group>";
		};
		"_______Group_TodoList" /* TodoList */ = {
			isa = PBXGroup;
			children = (
				__PBXFileRef_Sources/TodoList/main.swift /* main.swift */,
				__PBXFileRef_Sources/TodoList/Controllers/App.swift /* Controllers/App.swift */,
				__PBXFileRef_Sources/TodoList/models/TodoCollection.swift /* models/TodoCollection.swift */,
				__PBXFileRef_Sources/TodoList/models/TodoCollectionArray.swift /* models/TodoCollectionArray.swift */,
				__PBXFileRef_Sources/TodoList/models/TodoItem.swift /* models/TodoItem.swift */,
			);
			name = TodoList;
			path = Sources/TodoList;
			sourceTree = "<group>";
		};
		"_______Group_TodoListTestSuite" /* TodoList.testsuite */ = {
			isa = PBXGroup;
			children = (
				__PBXFileRef_Tests/TodoList/TodoCollectionTests.swift /* TodoCollectionTests.swift */,
			);
			name = TodoList.testsuite;
			path = Tests/TodoList;
			sourceTree = "<group>";
		};
		"_______Group_netTestSuite" /* net.testsuite */ = {
			isa = PBXGroup;
			children = (
				"__PBXFileRef_Packages/Kitura-0.6.0/Tests/net/ClientTests.swift" /* ClientTests.swift */,
				"__PBXFileRef_Packages/Kitura-0.6.0/Tests/net/ParserTests.swift" /* ParserTests.swift */,
			);
			name = net.testsuite;
			path = "Packages/Kitura-0.6.0/Tests/net";
			sourceTree = "<group>";
		};
		"_______Tests_" /* Tests */ = {
			isa = PBXGroup;
			children = (
				"_______Group_KituraTestSuite" /* Kitura.testsuite */,
				"_______Group_netTestSuite" /* net.testsuite */,
				"_______Group_CFEnvironmentTestSuite" /* CFEnvironment.testsuite */,
				"_______Group_TodoListTestSuite" /* TodoList.testsuite */,
			);
			name = Tests;
			sourceTree = "<group>";
		};
/* End PBXGroup section */

/* Begin PBXNativeTarget section */
		"______Target_BlueSocket" /* BlueSocket */ = {
			isa = PBXNativeTarget;
			buildConfigurationList = "_______Confs_BlueSocket" /* Build configuration list for PBXNativeTarget "BlueSocket" */;
			buildPhases = (
				CompilePhase_BlueSocket /* Sources */,
				"___LinkPhase_BlueSocket" /* Frameworks */,
			);
			buildRules = (
			);
			dependencies = (
			);
			name = BlueSocket;
			productName = BlueSocket;
			productReference = "_____Product_BlueSocket" /* libBlueSocket.dylib */;
			productType = "com.apple.product-type.library.dynamic";
		};
		"______Target_CFEnvironment" /* CFEnvironment */ = {
			isa = PBXNativeTarget;
			buildConfigurationList = "_______Confs_CFEnvironment" /* Build configuration list for PBXNativeTarget "CFEnvironment" */;
			buildPhases = (
				CompilePhase_CFEnvironment /* Sources */,
				"___LinkPhase_CFEnvironment" /* Frameworks */,
			);
			buildRules = (
			);
			dependencies = (
				__Dependency_SwiftyJSON /* PBXTargetDependency */,
			);
			name = CFEnvironment;
			productName = CFEnvironment;
			productReference = "_____Product_CFEnvironment" /* libCFEnvironment.dylib */;
			productType = "com.apple.product-type.library.dynamic";
		};
		"______Target_CFEnvironmentTestSuite" /* CFEnvironment.testsuite */ = {
			isa = PBXNativeTarget;
			buildConfigurationList = "_______Confs_CFEnvironmentTestSuite" /* Build configuration list for PBXNativeTarget "CFEnvironment.testsuite" */;
			buildPhases = (
				CompilePhase_CFEnvironmentTestSuite /* Sources */,
				"___LinkPhase_CFEnvironmentTestSuite" /* Frameworks */,
			);
			buildRules = (
			);
			dependencies = (
				__Dependency_SwiftyJSON /* PBXTargetDependency */,
				__Dependency_CFEnvironment /* PBXTargetDependency */,
			);
			name = CFEnvironment.testsuite;
			productName = CFEnvironmentTestSuite;
			productReference = "_____Product_CFEnvironmentTestSuite" /* CFEnvironmentTestSuite.xctest */;
			productType = "com.apple.product-type.bundle.unit-test";
		};
		"______Target_HeliumLogger" /* HeliumLogger */ = {
			isa = PBXNativeTarget;
			buildConfigurationList = "_______Confs_HeliumLogger" /* Build configuration list for PBXNativeTarget "HeliumLogger" */;
			buildPhases = (
				CompilePhase_HeliumLogger /* Sources */,
				"___LinkPhase_HeliumLogger" /* Frameworks */,
			);
			buildRules = (
			);
			dependencies = (
				__Dependency_LoggerAPI /* PBXTargetDependency */,
			);
			name = HeliumLogger;
			productName = HeliumLogger;
			productReference = "_____Product_HeliumLogger" /* libHeliumLogger.dylib */;
			productType = "com.apple.product-type.library.dynamic";
		};
		"______Target_Kitura" /* Kitura */ = {
			isa = PBXNativeTarget;
			buildConfigurationList = "_______Confs_Kitura" /* Build configuration list for PBXNativeTarget "Kitura" */;
			buildPhases = (
				CompilePhase_Kitura /* Sources */,
				"___LinkPhase_Kitura" /* Frameworks */,
			);
			buildRules = (
			);
			dependencies = (
				__Dependency_BlueSocket /* PBXTargetDependency */,
				__Dependency_KituraSys /* PBXTargetDependency */,
				__Dependency_KituraTemplateEngine /* PBXTargetDependency */,
				__Dependency_SwiftyJSON /* PBXTargetDependency */,
				__Dependency_LoggerAPI /* PBXTargetDependency */,
				__Dependency_KituraNet /* PBXTargetDependency */,
			);
			name = Kitura;
			productName = Kitura;
			productReference = "_____Product_Kitura" /* libKitura.dylib */;
			productType = "com.apple.product-type.library.dynamic";
		};
		"______Target_KituraNet" /* KituraNet */ = {
			isa = PBXNativeTarget;
			buildConfigurationList = "_______Confs_KituraNet" /* Build configuration list for PBXNativeTarget "KituraNet" */;
			buildPhases = (
				CompilePhase_KituraNet /* Sources */,
				"___LinkPhase_KituraNet" /* Frameworks */,
			);
			buildRules = (
			);
			dependencies = (
				__Dependency_LoggerAPI /* PBXTargetDependency */,
				__Dependency_BlueSocket /* PBXTargetDependency */,
				__Dependency_KituraSys /* PBXTargetDependency */,
			);
			name = KituraNet;
			productName = KituraNet;
			productReference = "_____Product_KituraNet" /* libKituraNet.dylib */;
			productType = "com.apple.product-type.library.dynamic";
		};
		"______Target_KituraSys" /* KituraSys */ = {
			isa = PBXNativeTarget;
			buildConfigurationList = "_______Confs_KituraSys" /* Build configuration list for PBXNativeTarget "KituraSys" */;
			buildPhases = (
				CompilePhase_KituraSys /* Sources */,
				"___LinkPhase_KituraSys" /* Frameworks */,
			);
			buildRules = (
			);
			dependencies = (
				__Dependency_LoggerAPI /* PBXTargetDependency */,
			);
			name = KituraSys;
			productName = KituraSys;
			productReference = "_____Product_KituraSys" /* libKituraSys.dylib */;
			productType = "com.apple.product-type.library.dynamic";
		};
		"______Target_KituraTemplateEngine" /* Kitura-TemplateEngine */ = {
			isa = PBXNativeTarget;
			buildConfigurationList = "_______Confs_KituraTemplateEngine" /* Build configuration list for PBXNativeTarget "Kitura-TemplateEngine" */;
			buildPhases = (
				CompilePhase_KituraTemplateEngine /* Sources */,
				"___LinkPhase_KituraTemplateEngine" /* Frameworks */,
			);
			buildRules = (
			);
			dependencies = (
			);
			name = "Kitura-TemplateEngine";
			productName = KituraTemplateEngine;
			productReference = "_____Product_KituraTemplateEngine" /* libKitura-TemplateEngine.dylib */;
			productType = "com.apple.product-type.library.dynamic";
		};
		"______Target_KituraTestSuite" /* Kitura.testsuite */ = {
			isa = PBXNativeTarget;
			buildConfigurationList = "_______Confs_KituraTestSuite" /* Build configuration list for PBXNativeTarget "Kitura.testsuite" */;
			buildPhases = (
				CompilePhase_KituraTestSuite /* Sources */,
				"___LinkPhase_KituraTestSuite" /* Frameworks */,
			);
			buildRules = (
			);
			dependencies = (
				__Dependency_BlueSocket /* PBXTargetDependency */,
				__Dependency_KituraSys /* PBXTargetDependency */,
				__Dependency_KituraTemplateEngine /* PBXTargetDependency */,
				__Dependency_SwiftyJSON /* PBXTargetDependency */,
				__Dependency_LoggerAPI /* PBXTargetDependency */,
				__Dependency_KituraNet /* PBXTargetDependency */,
				__Dependency_Kitura /* PBXTargetDependency */,
			);
			name = Kitura.testsuite;
			productName = KituraTestSuite;
			productReference = "_____Product_KituraTestSuite" /* KituraTestSuite.xctest */;
			productType = "com.apple.product-type.bundle.unit-test";
		};
		"______Target_LoggerAPI" /* LoggerAPI */ = {
			isa = PBXNativeTarget;
			buildConfigurationList = "_______Confs_LoggerAPI" /* Build configuration list for PBXNativeTarget "LoggerAPI" */;
			buildPhases = (
				CompilePhase_LoggerAPI /* Sources */,
				"___LinkPhase_LoggerAPI" /* Frameworks */,
			);
			buildRules = (
			);
			dependencies = (
			);
			name = LoggerAPI;
			productName = LoggerAPI;
			productReference = "_____Product_LoggerAPI" /* libLoggerAPI.dylib */;
			productType = "com.apple.product-type.library.dynamic";
		};
		"______Target_SwiftyJSON" /* SwiftyJSON */ = {
			isa = PBXNativeTarget;
			buildConfigurationList = "_______Confs_SwiftyJSON" /* Build configuration list for PBXNativeTarget "SwiftyJSON" */;
			buildPhases = (
				CompilePhase_SwiftyJSON /* Sources */,
				"___LinkPhase_SwiftyJSON" /* Frameworks */,
			);
			buildRules = (
			);
			dependencies = (
			);
			name = SwiftyJSON;
			productName = SwiftyJSON;
			productReference = "_____Product_SwiftyJSON" /* libSwiftyJSON.dylib */;
			productType = "com.apple.product-type.library.dynamic";
		};
		"______Target_TodoList" /* TodoList */ = {
			isa = PBXNativeTarget;
			buildConfigurationList = "_______Confs_TodoList" /* Build configuration list for PBXNativeTarget "TodoList" */;
			buildPhases = (
				CompilePhase_TodoList /* Sources */,
				"___LinkPhase_TodoList" /* Frameworks */,
			);
			buildRules = (
			);
			dependencies = (
				__Dependency_BlueSocket /* PBXTargetDependency */,
				__Dependency_KituraSys /* PBXTargetDependency */,
				__Dependency_KituraTemplateEngine /* PBXTargetDependency */,
				__Dependency_SwiftyJSON /* PBXTargetDependency */,
				__Dependency_KituraNet /* PBXTargetDependency */,
				__Dependency_CFEnvironment /* PBXTargetDependency */,
				__Dependency_LoggerAPI /* PBXTargetDependency */,
				__Dependency_HeliumLogger /* PBXTargetDependency */,
				__Dependency_Kitura /* PBXTargetDependency */,
			);
			name = TodoList;
			productName = TodoList;
			productReference = "_____Product_TodoList" /* TodoList */;
			productType = "com.apple.product-type.tool";
		};
		"______Target_TodoListTestSuite" /* TodoList.testsuite */ = {
			isa = PBXNativeTarget;
			buildConfigurationList = "_______Confs_TodoListTestSuite" /* Build configuration list for PBXNativeTarget "TodoList.testsuite" */;
			buildPhases = (
				CompilePhase_TodoListTestSuite /* Sources */,
				"___LinkPhase_TodoListTestSuite" /* Frameworks */,
			);
			buildRules = (
			);
			dependencies = (
				__Dependency_BlueSocket /* PBXTargetDependency */,
				__Dependency_KituraSys /* PBXTargetDependency */,
				__Dependency_KituraTemplateEngine /* PBXTargetDependency */,
				__Dependency_SwiftyJSON /* PBXTargetDependency */,
				__Dependency_KituraNet /* PBXTargetDependency */,
				__Dependency_CFEnvironment /* PBXTargetDependency */,
				__Dependency_LoggerAPI /* PBXTargetDependency */,
				__Dependency_HeliumLogger /* PBXTargetDependency */,
				__Dependency_Kitura /* PBXTargetDependency */,
				__Dependency_TodoList /* PBXTargetDependency */,
			);
			name = TodoList.testsuite;
			productName = TodoListTestSuite;
			productReference = "_____Product_TodoListTestSuite" /* TodoListTestSuite.xctest */;
			productType = "com.apple.product-type.bundle.unit-test";
		};
		"______Target_netTestSuite" /* net.testsuite */ = {
			isa = PBXNativeTarget;
			buildConfigurationList = "_______Confs_netTestSuite" /* Build configuration list for PBXNativeTarget "net.testsuite" */;
			buildPhases = (
				CompilePhase_netTestSuite /* Sources */,
				"___LinkPhase_netTestSuite" /* Frameworks */,
			);
			buildRules = (
			);
			dependencies = (
				__Dependency_BlueSocket /* PBXTargetDependency */,
				__Dependency_KituraSys /* PBXTargetDependency */,
				__Dependency_KituraTemplateEngine /* PBXTargetDependency */,
				__Dependency_SwiftyJSON /* PBXTargetDependency */,
				__Dependency_LoggerAPI /* PBXTargetDependency */,
				__Dependency_KituraNet /* PBXTargetDependency */,
			);
			name = net.testsuite;
			productName = netTestSuite;
			productReference = "_____Product_netTestSuite" /* netTestSuite.xctest */;
			productType = "com.apple.product-type.bundle.unit-test";
		};
/* End PBXNativeTarget section */

/* Begin PBXProject section */
		__RootObject_ /* Project object */ = {
			isa = PBXProject;
			attributes = {
				LastUpgradeCheck = 9999;
			};
			buildConfigurationList = "___RootConfs_" /* Build configuration list for PBXProject "TodoList" */;
			compatibilityVersion = "Xcode 3.2";
			developmentRegion = English;
			hasScannedForEncodings = 0;
			knownRegions = (
				en,
			);
			mainGroup = "___RootGroup_";
			productRefGroup = "____Products_" /* Products */;
			projectDirPath = "";
			projectRoot = "";
			targets = (
				"______Target_LoggerAPI" /* LoggerAPI */,
				"______Target_KituraSys" /* KituraSys */,
				"______Target_BlueSocket" /* BlueSocket */,
				"______Target_KituraNet" /* KituraNet */,
				"______Target_SwiftyJSON" /* SwiftyJSON */,
				"______Target_KituraTemplateEngine" /* Kitura-TemplateEngine */,
				"______Target_Kitura" /* Kitura */,
				"______Target_KituraTestSuite" /* Kitura.testsuite */,
				"______Target_netTestSuite" /* net.testsuite */,
				"______Target_HeliumLogger" /* HeliumLogger */,
				"______Target_CFEnvironment" /* CFEnvironment */,
				"______Target_CFEnvironmentTestSuite" /* CFEnvironment.testsuite */,
				"______Target_TodoList" /* TodoList */,
				"______Target_TodoListTestSuite" /* TodoList.testsuite */,
			);
		};
/* End PBXProject section */

/* Begin PBXSourcesBuildPhase section */
		CompilePhase_BlueSocket /* Sources */ = {
			isa = PBXSourcesBuildPhase;
			buildActionMask = 0;
			files = (
				"__src_cc_ref_Packages/BlueSocket-0.2.3/Sources/BlueSocket.swift" /* BlueSocket.swift in Sources */,
				"__src_cc_ref_Packages/BlueSocket-0.2.3/Sources/BlueSocketProtocols.swift" /* BlueSocketProtocols.swift in Sources */,
				"__src_cc_ref_Packages/BlueSocket-0.2.3/Sources/BlueSocketUtils.swift" /* BlueSocketUtils.swift in Sources */,
			);
			runOnlyForDeploymentPostprocessing = 0;
		};
		CompilePhase_CFEnvironment /* Sources */ = {
			isa = PBXSourcesBuildPhase;
			buildActionMask = 0;
			files = (
				"__src_cc_ref_Packages/CFEnvironment-0.0.1/Sources/CFEnvironment/App.swift" /* App.swift in Sources */,
				"__src_cc_ref_Packages/CFEnvironment-0.0.1/Sources/CFEnvironment/AppEnv.swift" /* AppEnv.swift in Sources */,
				"__src_cc_ref_Packages/CFEnvironment-0.0.1/Sources/CFEnvironment/CFEnvironment.swift" /* CFEnvironment.swift in Sources */,
				"__src_cc_ref_Packages/CFEnvironment-0.0.1/Sources/CFEnvironment/CFEnvironmentError.swift" /* CFEnvironmentError.swift in Sources */,
				"__src_cc_ref_Packages/CFEnvironment-0.0.1/Sources/CFEnvironment/DateUtils.swift" /* DateUtils.swift in Sources */,
				"__src_cc_ref_Packages/CFEnvironment-0.0.1/Sources/CFEnvironment/JSONUtils.swift" /* JSONUtils.swift in Sources */,
				"__src_cc_ref_Packages/CFEnvironment-0.0.1/Sources/CFEnvironment/Service.swift" /* Service.swift in Sources */,
			);
			runOnlyForDeploymentPostprocessing = 0;
		};
		CompilePhase_CFEnvironmentTestSuite /* Sources */ = {
			isa = PBXSourcesBuildPhase;
			buildActionMask = 0;
			files = (
				"__src_cc_ref_Packages/CFEnvironment-0.0.1/Tests/CFEnvironment/MainTests.swift" /* MainTests.swift in Sources */,
				"__src_cc_ref_Packages/CFEnvironment-0.0.1/Tests/CFEnvironment/UtilsTests.swift" /* UtilsTests.swift in Sources */,
			);
			runOnlyForDeploymentPostprocessing = 0;
		};
		CompilePhase_HeliumLogger /* Sources */ = {
			isa = PBXSourcesBuildPhase;
			buildActionMask = 0;
			files = (
				"__src_cc_ref_Packages/HeliumLogger-0.4.3/Sources/HeliumLogger/HeliumLogger.swift" /* HeliumLogger.swift in Sources */,
			);
			runOnlyForDeploymentPostprocessing = 0;
		};
		CompilePhase_Kitura /* Sources */ = {
			isa = PBXSourcesBuildPhase;
			buildActionMask = 0;
			files = (
				"__src_cc_ref_Packages/Kitura-0.6.0/Sources/Kitura/Router.swift" /* Router.swift in Sources */,
				"__src_cc_ref_Packages/Kitura-0.6.0/Sources/Kitura/RouterElement.swift" /* RouterElement.swift in Sources */,
				"__src_cc_ref_Packages/Kitura-0.6.0/Sources/Kitura/RouterMiddleware.swift" /* RouterMiddleware.swift in Sources */,
				"__src_cc_ref_Packages/Kitura-0.6.0/Sources/Kitura/RouterMiddlewareGenerator.swift" /* RouterMiddlewareGenerator.swift in Sources */,
				"__src_cc_ref_Packages/Kitura-0.6.0/Sources/Kitura/RouterRequest.swift" /* RouterRequest.swift in Sources */,
				"__src_cc_ref_Packages/Kitura-0.6.0/Sources/Kitura/RouterResponse.swift" /* RouterResponse.swift in Sources */,
				"__src_cc_ref_Packages/Kitura-0.6.0/Sources/Kitura/bodyParser/BodyParser.swift" /* bodyParser/BodyParser.swift in Sources */,
				"__src_cc_ref_Packages/Kitura-0.6.0/Sources/Kitura/contentType/ContentType.swift" /* contentType/ContentType.swift in Sources */,
				"__src_cc_ref_Packages/Kitura-0.6.0/Sources/Kitura/contentType/types.swift" /* contentType/types.swift in Sources */,
				"__src_cc_ref_Packages/Kitura-0.6.0/Sources/Kitura/staticFileServer/StaticFileServer.swift" /* staticFileServer/StaticFileServer.swift in Sources */,
			);
			runOnlyForDeploymentPostprocessing = 0;
		};
		CompilePhase_KituraNet /* Sources */ = {
			isa = PBXSourcesBuildPhase;
			buildActionMask = 0;
			files = (
				"__src_cc_ref_Packages/Kitura-net-0.6.0/Sources/KituraNet/BufferList.swift" /* BufferList.swift in Sources */,
				"__src_cc_ref_Packages/Kitura-net-0.6.0/Sources/KituraNet/ClientRequest.swift" /* ClientRequest.swift in Sources */,
				"__src_cc_ref_Packages/Kitura-net-0.6.0/Sources/KituraNet/ClientResponse.swift" /* ClientResponse.swift in Sources */,
				"__src_cc_ref_Packages/Kitura-net-0.6.0/Sources/KituraNet/Http.swift" /* Http.swift in Sources */,
				"__src_cc_ref_Packages/Kitura-net-0.6.0/Sources/KituraNet/HttpServer.swift" /* HttpServer.swift in Sources */,
				"__src_cc_ref_Packages/Kitura-net-0.6.0/Sources/KituraNet/HttpServerSpi.swift" /* HttpServerSpi.swift in Sources */,
				"__src_cc_ref_Packages/Kitura-net-0.6.0/Sources/KituraNet/IncomingMessage.swift" /* IncomingMessage.swift in Sources */,
				"__src_cc_ref_Packages/Kitura-net-0.6.0/Sources/KituraNet/ServerRequest.swift" /* ServerRequest.swift in Sources */,
				"__src_cc_ref_Packages/Kitura-net-0.6.0/Sources/KituraNet/ServerResponse.swift" /* ServerResponse.swift in Sources */,
				"__src_cc_ref_Packages/Kitura-net-0.6.0/Sources/KituraNet/SpiUtils.swift" /* SpiUtils.swift in Sources */,
				"__src_cc_ref_Packages/Kitura-net-0.6.0/Sources/KituraNet/HttpParser/HttpParser.swift" /* HttpParser/HttpParser.swift in Sources */,
				"__src_cc_ref_Packages/Kitura-net-0.6.0/Sources/KituraNet/HttpParser/UrlParser.swift" /* HttpParser/UrlParser.swift in Sources */,
			);
			runOnlyForDeploymentPostprocessing = 0;
		};
		CompilePhase_KituraSys /* Sources */ = {
			isa = PBXSourcesBuildPhase;
			buildActionMask = 0;
			files = (
				"__src_cc_ref_Packages/Kitura-Sys-0.6.0/Sources/KituraSys/Queue.swift" /* Queue.swift in Sources */,
				"__src_cc_ref_Packages/Kitura-Sys-0.6.0/Sources/KituraSys/Server.swift" /* Server.swift in Sources */,
				"__src_cc_ref_Packages/Kitura-Sys-0.6.0/Sources/KituraSys/StringUtils.swift" /* StringUtils.swift in Sources */,
				"__src_cc_ref_Packages/Kitura-Sys-0.6.0/Sources/KituraSys/SysUtils.swift" /* SysUtils.swift in Sources */,
			);
			runOnlyForDeploymentPostprocessing = 0;
		};
		CompilePhase_KituraTemplateEngine /* Sources */ = {
			isa = PBXSourcesBuildPhase;
			buildActionMask = 0;
			files = (
				"__src_cc_ref_Packages/Kitura-TemplateEngine-0.0.2/Sources/TemplateEngine.swift" /* TemplateEngine.swift in Sources */,
			);
			runOnlyForDeploymentPostprocessing = 0;
		};
		CompilePhase_KituraTestSuite /* Sources */ = {
			isa = PBXSourcesBuildPhase;
			buildActionMask = 0;
			files = (
				"__src_cc_ref_Packages/Kitura-0.6.0/Tests/Kitura/KituraTest.swift" /* KituraTest.swift in Sources */,
				"__src_cc_ref_Packages/Kitura-0.6.0/Tests/Kitura/TestContentType.swift" /* TestContentType.swift in Sources */,
				"__src_cc_ref_Packages/Kitura-0.6.0/Tests/Kitura/TestCookies.swift" /* TestCookies.swift in Sources */,
				"__src_cc_ref_Packages/Kitura-0.6.0/Tests/Kitura/TestErrors.swift" /* TestErrors.swift in Sources */,
				"__src_cc_ref_Packages/Kitura-0.6.0/Tests/Kitura/TestMultiplicity.swift" /* TestMultiplicity.swift in Sources */,
				"__src_cc_ref_Packages/Kitura-0.6.0/Tests/Kitura/TestResponse.swift" /* TestResponse.swift in Sources */,
			);
			runOnlyForDeploymentPostprocessing = 0;
		};
		CompilePhase_LoggerAPI /* Sources */ = {
			isa = PBXSourcesBuildPhase;
			buildActionMask = 0;
			files = (
				"__src_cc_ref_Packages/LoggerAPI-0.4.0/Sources/LoggerAPI/Logger.swift" /* Logger.swift in Sources */,
			);
			runOnlyForDeploymentPostprocessing = 0;
		};
		CompilePhase_SwiftyJSON /* Sources */ = {
			isa = PBXSourcesBuildPhase;
			buildActionMask = 0;
			files = (
				"__src_cc_ref_Packages/SwiftyJSON-2.3.3/Source/SwiftyJSON.swift" /* SwiftyJSON.swift in Sources */,
			);
			runOnlyForDeploymentPostprocessing = 0;
		};
		CompilePhase_TodoList /* Sources */ = {
			isa = PBXSourcesBuildPhase;
			buildActionMask = 0;
			files = (
				__src_cc_ref_Sources/TodoList/main.swift /* main.swift in Sources */,
				__src_cc_ref_Sources/TodoList/Controllers/App.swift /* Controllers/App.swift in Sources */,
				__src_cc_ref_Sources/TodoList/models/TodoCollection.swift /* models/TodoCollection.swift in Sources */,
				__src_cc_ref_Sources/TodoList/models/TodoCollectionArray.swift /* models/TodoCollectionArray.swift in Sources */,
				__src_cc_ref_Sources/TodoList/models/TodoItem.swift /* models/TodoItem.swift in Sources */,
			);
			runOnlyForDeploymentPostprocessing = 0;
		};
		CompilePhase_TodoListTestSuite /* Sources */ = {
			isa = PBXSourcesBuildPhase;
			buildActionMask = 0;
			files = (
				__src_cc_ref_Tests/TodoList/TodoCollectionTests.swift /* TodoCollectionTests.swift in Sources */,
			);
			runOnlyForDeploymentPostprocessing = 0;
		};
		CompilePhase_netTestSuite /* Sources */ = {
			isa = PBXSourcesBuildPhase;
			buildActionMask = 0;
			files = (
				"__src_cc_ref_Packages/Kitura-0.6.0/Tests/net/ClientTests.swift" /* ClientTests.swift in Sources */,
				"__src_cc_ref_Packages/Kitura-0.6.0/Tests/net/ParserTests.swift" /* ParserTests.swift in Sources */,
			);
			runOnlyForDeploymentPostprocessing = 0;
		};
/* End PBXSourcesBuildPhase section */

/* Begin PBXTargetDependency section */
		__Dependency_BlueSocket /* PBXTargetDependency */ = {
			isa = PBXTargetDependency;
			target = "______Target_BlueSocket" /* BlueSocket */;
			targetProxy = E1667B9C1CAED05500FF9B26 /* PBXContainerItemProxy */;
		};
		__Dependency_CFEnvironment /* PBXTargetDependency */ = {
			isa = PBXTargetDependency;
			target = "______Target_CFEnvironment" /* CFEnvironment */;
			targetProxy = E1667BA11CAED05500FF9B26 /* PBXContainerItemProxy */;
		};
		__Dependency_HeliumLogger /* PBXTargetDependency */ = {
			isa = PBXTargetDependency;
			target = "______Target_HeliumLogger" /* HeliumLogger */;
			targetProxy = E1667BA21CAED05500FF9B26 /* PBXContainerItemProxy */;
		};
		__Dependency_Kitura /* PBXTargetDependency */ = {
			isa = PBXTargetDependency;
			target = "______Target_Kitura" /* Kitura */;
			targetProxy = E1667BA31CAED05500FF9B26 /* PBXContainerItemProxy */;
		};
		__Dependency_KituraNet /* PBXTargetDependency */ = {
			isa = PBXTargetDependency;
			target = "______Target_KituraNet" /* KituraNet */;
			targetProxy = E1667BA01CAED05500FF9B26 /* PBXContainerItemProxy */;
		};
		__Dependency_KituraSys /* PBXTargetDependency */ = {
			isa = PBXTargetDependency;
			target = "______Target_KituraSys" /* KituraSys */;
			targetProxy = E1667B9D1CAED05500FF9B26 /* PBXContainerItemProxy */;
		};
		__Dependency_KituraTemplateEngine /* PBXTargetDependency */ = {
			isa = PBXTargetDependency;
			target = "______Target_KituraTemplateEngine" /* Kitura-TemplateEngine */;
			targetProxy = E1667B9E1CAED05500FF9B26 /* PBXContainerItemProxy */;
		};
		__Dependency_LoggerAPI /* PBXTargetDependency */ = {
			isa = PBXTargetDependency;
			target = "______Target_LoggerAPI" /* LoggerAPI */;
			targetProxy = E1667B9B1CAED05500FF9B26 /* PBXContainerItemProxy */;
		};
		__Dependency_SwiftyJSON /* PBXTargetDependency */ = {
			isa = PBXTargetDependency;
			target = "______Target_SwiftyJSON" /* SwiftyJSON */;
			targetProxy = E1667B9F1CAED05500FF9B26 /* PBXContainerItemProxy */;
		};
		__Dependency_TodoList /* PBXTargetDependency */ = {
			isa = PBXTargetDependency;
			target = "______Target_TodoList" /* TodoList */;
			targetProxy = E1667BA41CAED05500FF9B26 /* PBXContainerItemProxy */;
		};
/* End PBXTargetDependency section */

/* Begin XCBuildConfiguration section */
		_ReleaseConf_BlueSocket /* Release */ = {
			isa = XCBuildConfiguration;
			buildSettings = {
				COMBINE_HIDPI_IMAGES = YES;
				DYLIB_INSTALL_NAME_BASE = "$(CONFIGURATION_BUILD_DIR)";
				ENABLE_TESTABILITY = YES;
				LD_RUNPATH_SEARCH_PATHS = "$(TOOLCHAIN_DIR)/usr/lib/swift/macosx";
				MACOSX_DEPLOYMENT_TARGET = 10.10;
				OTHER_SWIFT_FLAGS = "-DXcode";
				PRODUCT_MODULE_NAME = BlueSocket;
				PRODUCT_NAME = "lib$(TARGET_NAME)";
			};
			name = Release;
		};
		_ReleaseConf_CFEnvironment /* Release */ = {
			isa = XCBuildConfiguration;
			buildSettings = {
				COMBINE_HIDPI_IMAGES = YES;
				DYLIB_INSTALL_NAME_BASE = "$(CONFIGURATION_BUILD_DIR)";
				ENABLE_TESTABILITY = YES;
				LD_RUNPATH_SEARCH_PATHS = "$(TOOLCHAIN_DIR)/usr/lib/swift/macosx";
				MACOSX_DEPLOYMENT_TARGET = 10.10;
				OTHER_SWIFT_FLAGS = "-DXcode";
				PRODUCT_MODULE_NAME = CFEnvironment;
				PRODUCT_NAME = "lib$(TARGET_NAME)";
			};
			name = Release;
		};
		_ReleaseConf_CFEnvironmentTestSuite /* Release */ = {
			isa = XCBuildConfiguration;
			buildSettings = {
				COMBINE_HIDPI_IMAGES = YES;
				EMBEDDED_CONTENT_CONTAINS_SWIFT = YES;
				LD_RUNPATH_SEARCH_PATHS = "@loader_path/../Frameworks";
				MACOSX_DEPLOYMENT_TARGET = 10.10;
				OTHER_SWIFT_FLAGS = "-DXcode";
				PRODUCT_MODULE_NAME = CFEnvironmentTestSuite;
				PRODUCT_NAME = "$(TARGET_NAME)";
			};
			name = Release;
		};
		_ReleaseConf_HeliumLogger /* Release */ = {
			isa = XCBuildConfiguration;
			buildSettings = {
				COMBINE_HIDPI_IMAGES = YES;
				DYLIB_INSTALL_NAME_BASE = "$(CONFIGURATION_BUILD_DIR)";
				ENABLE_TESTABILITY = YES;
				HEADER_SEARCH_PATHS = "";
				LD_RUNPATH_SEARCH_PATHS = "$(TOOLCHAIN_DIR)/usr/lib/swift/macosx";
				MACOSX_DEPLOYMENT_TARGET = 10.10;
				OTHER_SWIFT_FLAGS = "-DXcode";
				PRODUCT_MODULE_NAME = HeliumLogger;
				PRODUCT_NAME = "lib$(TARGET_NAME)";
			};
			name = Release;
		};
		_ReleaseConf_Kitura /* Release */ = {
			isa = XCBuildConfiguration;
			buildSettings = {
				COMBINE_HIDPI_IMAGES = YES;
				DYLIB_INSTALL_NAME_BASE = "$(CONFIGURATION_BUILD_DIR)";
				ENABLE_TESTABILITY = YES;
				HEADER_SEARCH_PATHS = (
					"${SRCROOT}/Packages/CCurl-0.0.1",
					"${SRCROOT}/Packages/CHttpParser-0.0.2",
				);
				LD_RUNPATH_SEARCH_PATHS = "$(TOOLCHAIN_DIR)/usr/lib/swift/macosx";
				LIBRARY_SEARCH_PATHS = /usr/local/lib;
				MACOSX_DEPLOYMENT_TARGET = 10.10;
				OTHER_SWIFT_FLAGS = "-DXcode";
				PRODUCT_MODULE_NAME = Kitura;
				PRODUCT_NAME = "lib$(TARGET_NAME)";
			};
			name = Release;
		};
		_ReleaseConf_KituraNet /* Release */ = {
			isa = XCBuildConfiguration;
			buildSettings = {
				COMBINE_HIDPI_IMAGES = YES;
				DYLIB_INSTALL_NAME_BASE = "$(CONFIGURATION_BUILD_DIR)";
				ENABLE_TESTABILITY = YES;
				HEADER_SEARCH_PATHS = (
					"${SRCROOT}/Packages/CCurl-0.0.1",
					"${SRCROOT}/Packages/CHttpParser-0.0.2",
					/usr/local/include,
				);
				LD_RUNPATH_SEARCH_PATHS = "$(TOOLCHAIN_DIR)/usr/lib/swift/macosx";
				LIBRARY_SEARCH_PATHS = /usr/local/lib;
				MACOSX_DEPLOYMENT_TARGET = 10.10;
				OTHER_SWIFT_FLAGS = "-DXcode";
				PRODUCT_MODULE_NAME = KituraNet;
				PRODUCT_NAME = "lib$(TARGET_NAME)";
			};
			name = Release;
		};
		_ReleaseConf_KituraSys /* Release */ = {
			isa = XCBuildConfiguration;
			buildSettings = {
				COMBINE_HIDPI_IMAGES = YES;
				DYLIB_INSTALL_NAME_BASE = "$(CONFIGURATION_BUILD_DIR)";
				ENABLE_TESTABILITY = YES;
				LD_RUNPATH_SEARCH_PATHS = "$(TOOLCHAIN_DIR)/usr/lib/swift/macosx";
				MACOSX_DEPLOYMENT_TARGET = 10.10;
				OTHER_SWIFT_FLAGS = "-DXcode";
				PRODUCT_MODULE_NAME = KituraSys;
				PRODUCT_NAME = "lib$(TARGET_NAME)";
			};
			name = Release;
		};
		_ReleaseConf_KituraTemplateEngine /* Release */ = {
			isa = XCBuildConfiguration;
			buildSettings = {
				COMBINE_HIDPI_IMAGES = YES;
				DYLIB_INSTALL_NAME_BASE = "$(CONFIGURATION_BUILD_DIR)";
				ENABLE_TESTABILITY = YES;
				LD_RUNPATH_SEARCH_PATHS = "$(TOOLCHAIN_DIR)/usr/lib/swift/macosx";
				MACOSX_DEPLOYMENT_TARGET = 10.10;
				OTHER_SWIFT_FLAGS = "-DXcode";
				PRODUCT_MODULE_NAME = KituraTemplateEngine;
				PRODUCT_NAME = "lib$(TARGET_NAME)";
			};
			name = Release;
		};
		_ReleaseConf_KituraTestSuite /* Release */ = {
			isa = XCBuildConfiguration;
			buildSettings = {
				COMBINE_HIDPI_IMAGES = YES;
				EMBEDDED_CONTENT_CONTAINS_SWIFT = YES;
				LD_RUNPATH_SEARCH_PATHS = "@loader_path/../Frameworks";
				MACOSX_DEPLOYMENT_TARGET = 10.10;
				OTHER_SWIFT_FLAGS = "-DXcode";
				PRODUCT_MODULE_NAME = KituraTestSuite;
				PRODUCT_NAME = "$(TARGET_NAME)";
			};
			name = Release;
		};
		_ReleaseConf_LoggerAPI /* Release */ = {
			isa = XCBuildConfiguration;
			buildSettings = {
				COMBINE_HIDPI_IMAGES = YES;
				DYLIB_INSTALL_NAME_BASE = "$(CONFIGURATION_BUILD_DIR)";
				ENABLE_TESTABILITY = YES;
				LD_RUNPATH_SEARCH_PATHS = "$(TOOLCHAIN_DIR)/usr/lib/swift/macosx";
				MACOSX_DEPLOYMENT_TARGET = 10.10;
				OTHER_SWIFT_FLAGS = "-DXcode";
				PRODUCT_MODULE_NAME = LoggerAPI;
				PRODUCT_NAME = "lib$(TARGET_NAME)";
			};
			name = Release;
		};
		_ReleaseConf_SwiftyJSON /* Release */ = {
			isa = XCBuildConfiguration;
			buildSettings = {
				COMBINE_HIDPI_IMAGES = YES;
				DYLIB_INSTALL_NAME_BASE = "$(CONFIGURATION_BUILD_DIR)";
				ENABLE_TESTABILITY = YES;
				LD_RUNPATH_SEARCH_PATHS = "$(TOOLCHAIN_DIR)/usr/lib/swift/macosx";
				MACOSX_DEPLOYMENT_TARGET = 10.10;
				OTHER_SWIFT_FLAGS = "-DXcode";
				PRODUCT_MODULE_NAME = SwiftyJSON;
				PRODUCT_NAME = "lib$(TARGET_NAME)";
			};
			name = Release;
		};
		_ReleaseConf_TodoList /* Release */ = {
			isa = XCBuildConfiguration;
			buildSettings = {
				COMBINE_HIDPI_IMAGES = YES;
				HEADER_SEARCH_PATHS = (
					"${SRCROOT}/Packages/CCurl-0.0.1",
					"${SRCROOT}/Packages/CHttpParser-0.0.2",
				);
				LD_RUNPATH_SEARCH_PATHS = "$(TOOLCHAIN_DIR)/usr/lib/swift/macosx";
				LIBRARY_SEARCH_PATHS = /usr/local/lib;
				MACOSX_DEPLOYMENT_TARGET = 10.10;
				OTHER_SWIFT_FLAGS = "-DXcode";
				PRODUCT_MODULE_NAME = TodoList;
				PRODUCT_NAME = "$(TARGET_NAME)";
				SWIFT_FORCE_DYNAMIC_LINK_STDLIB = YES;
				SWIFT_FORCE_STATIC_LINK_STDLIB = NO;
			};
			name = Release;
		};
		_ReleaseConf_TodoListTestSuite /* Release */ = {
			isa = XCBuildConfiguration;
			buildSettings = {
				COMBINE_HIDPI_IMAGES = YES;
				EMBEDDED_CONTENT_CONTAINS_SWIFT = YES;
				LD_RUNPATH_SEARCH_PATHS = "@loader_path/../Frameworks";
				MACOSX_DEPLOYMENT_TARGET = 10.10;
				OTHER_SWIFT_FLAGS = "-DXcode";
				PRODUCT_MODULE_NAME = TodoListTestSuite;
				PRODUCT_NAME = "$(TARGET_NAME)";
			};
			name = Release;
		};
		_ReleaseConf_netTestSuite /* Release */ = {
			isa = XCBuildConfiguration;
			buildSettings = {
				COMBINE_HIDPI_IMAGES = YES;
				EMBEDDED_CONTENT_CONTAINS_SWIFT = YES;
				LD_RUNPATH_SEARCH_PATHS = "@loader_path/../Frameworks";
				MACOSX_DEPLOYMENT_TARGET = 10.10;
				OTHER_SWIFT_FLAGS = "-DXcode";
				PRODUCT_MODULE_NAME = netTestSuite;
				PRODUCT_NAME = "$(TARGET_NAME)";
			};
			name = Release;
		};
		"___DebugConf_BlueSocket" /* Debug */ = {
			isa = XCBuildConfiguration;
			buildSettings = {
				COMBINE_HIDPI_IMAGES = YES;
				DYLIB_INSTALL_NAME_BASE = "$(CONFIGURATION_BUILD_DIR)";
				ENABLE_TESTABILITY = YES;
				LD_RUNPATH_SEARCH_PATHS = "$(TOOLCHAIN_DIR)/usr/lib/swift/macosx";
				MACOSX_DEPLOYMENT_TARGET = 10.10;
				OTHER_SWIFT_FLAGS = "-DXcode";
				PRODUCT_MODULE_NAME = BlueSocket;
				PRODUCT_NAME = "lib$(TARGET_NAME)";
				SWIFT_OPTIMIZATION_LEVEL = "-Onone";
			};
			name = Debug;
		};
		"___DebugConf_CFEnvironment" /* Debug */ = {
			isa = XCBuildConfiguration;
			buildSettings = {
				COMBINE_HIDPI_IMAGES = YES;
				DYLIB_INSTALL_NAME_BASE = "$(CONFIGURATION_BUILD_DIR)";
				ENABLE_TESTABILITY = YES;
				LD_RUNPATH_SEARCH_PATHS = "$(TOOLCHAIN_DIR)/usr/lib/swift/macosx";
				MACOSX_DEPLOYMENT_TARGET = 10.10;
				OTHER_SWIFT_FLAGS = "-DXcode";
				PRODUCT_MODULE_NAME = CFEnvironment;
				PRODUCT_NAME = "lib$(TARGET_NAME)";
				SWIFT_OPTIMIZATION_LEVEL = "-Onone";
			};
			name = Debug;
		};
		"___DebugConf_CFEnvironmentTestSuite" /* Debug */ = {
			isa = XCBuildConfiguration;
			buildSettings = {
				COMBINE_HIDPI_IMAGES = YES;
				EMBEDDED_CONTENT_CONTAINS_SWIFT = YES;
				LD_RUNPATH_SEARCH_PATHS = "@loader_path/../Frameworks";
				MACOSX_DEPLOYMENT_TARGET = 10.10;
				OTHER_SWIFT_FLAGS = "-DXcode";
				PRODUCT_MODULE_NAME = CFEnvironmentTestSuite;
				PRODUCT_NAME = "$(TARGET_NAME)";
				SWIFT_OPTIMIZATION_LEVEL = "-Onone";
			};
			name = Debug;
		};
		"___DebugConf_HeliumLogger" /* Debug */ = {
			isa = XCBuildConfiguration;
			buildSettings = {
				COMBINE_HIDPI_IMAGES = YES;
				DYLIB_INSTALL_NAME_BASE = "$(CONFIGURATION_BUILD_DIR)";
				ENABLE_TESTABILITY = YES;
				HEADER_SEARCH_PATHS = "";
				LD_RUNPATH_SEARCH_PATHS = "$(TOOLCHAIN_DIR)/usr/lib/swift/macosx";
				MACOSX_DEPLOYMENT_TARGET = 10.10;
				OTHER_SWIFT_FLAGS = "-DXcode";
				PRODUCT_MODULE_NAME = HeliumLogger;
				PRODUCT_NAME = "lib$(TARGET_NAME)";
				SWIFT_OPTIMIZATION_LEVEL = "-Onone";
			};
			name = Debug;
		};
		"___DebugConf_Kitura" /* Debug */ = {
			isa = XCBuildConfiguration;
			buildSettings = {
				COMBINE_HIDPI_IMAGES = YES;
				DYLIB_INSTALL_NAME_BASE = "$(CONFIGURATION_BUILD_DIR)";
				ENABLE_TESTABILITY = YES;
				HEADER_SEARCH_PATHS = (
					"${SRCROOT}/Packages/CCurl-0.0.1",
					"${SRCROOT}/Packages/CHttpParser-0.0.2",
				);
				LD_RUNPATH_SEARCH_PATHS = "$(TOOLCHAIN_DIR)/usr/lib/swift/macosx";
				LIBRARY_SEARCH_PATHS = /usr/local/lib;
				MACOSX_DEPLOYMENT_TARGET = 10.10;
				OTHER_SWIFT_FLAGS = "-DXcode";
				PRODUCT_MODULE_NAME = Kitura;
				PRODUCT_NAME = "lib$(TARGET_NAME)";
				SWIFT_OPTIMIZATION_LEVEL = "-Onone";
			};
			name = Debug;
		};
		"___DebugConf_KituraNet" /* Debug */ = {
			isa = XCBuildConfiguration;
			buildSettings = {
				COMBINE_HIDPI_IMAGES = YES;
				DYLIB_INSTALL_NAME_BASE = "$(CONFIGURATION_BUILD_DIR)";
				ENABLE_TESTABILITY = YES;
				HEADER_SEARCH_PATHS = (
					"${SRCROOT}/Packages/CCurl-0.0.1",
					"${SRCROOT}/Packages/CHttpParser-0.0.2",
					/usr/local/include,
				);
				LD_RUNPATH_SEARCH_PATHS = "$(TOOLCHAIN_DIR)/usr/lib/swift/macosx";
				LIBRARY_SEARCH_PATHS = /usr/local/lib;
				MACOSX_DEPLOYMENT_TARGET = 10.10;
				OTHER_SWIFT_FLAGS = "-DXcode";
				PRODUCT_MODULE_NAME = KituraNet;
				PRODUCT_NAME = "lib$(TARGET_NAME)";
				SWIFT_OPTIMIZATION_LEVEL = "-Onone";
			};
			name = Debug;
		};
		"___DebugConf_KituraSys" /* Debug */ = {
			isa = XCBuildConfiguration;
			buildSettings = {
				COMBINE_HIDPI_IMAGES = YES;
				DYLIB_INSTALL_NAME_BASE = "$(CONFIGURATION_BUILD_DIR)";
				ENABLE_TESTABILITY = YES;
				LD_RUNPATH_SEARCH_PATHS = "$(TOOLCHAIN_DIR)/usr/lib/swift/macosx";
				MACOSX_DEPLOYMENT_TARGET = 10.10;
				OTHER_SWIFT_FLAGS = "-DXcode";
				PRODUCT_MODULE_NAME = KituraSys;
				PRODUCT_NAME = "lib$(TARGET_NAME)";
				SWIFT_OPTIMIZATION_LEVEL = "-Onone";
			};
			name = Debug;
		};
		"___DebugConf_KituraTemplateEngine" /* Debug */ = {
			isa = XCBuildConfiguration;
			buildSettings = {
				COMBINE_HIDPI_IMAGES = YES;
				DYLIB_INSTALL_NAME_BASE = "$(CONFIGURATION_BUILD_DIR)";
				ENABLE_TESTABILITY = YES;
				LD_RUNPATH_SEARCH_PATHS = "$(TOOLCHAIN_DIR)/usr/lib/swift/macosx";
				MACOSX_DEPLOYMENT_TARGET = 10.10;
				OTHER_SWIFT_FLAGS = "-DXcode";
				PRODUCT_MODULE_NAME = KituraTemplateEngine;
				PRODUCT_NAME = "lib$(TARGET_NAME)";
				SWIFT_OPTIMIZATION_LEVEL = "-Onone";
			};
			name = Debug;
		};
		"___DebugConf_KituraTestSuite" /* Debug */ = {
			isa = XCBuildConfiguration;
			buildSettings = {
				COMBINE_HIDPI_IMAGES = YES;
				EMBEDDED_CONTENT_CONTAINS_SWIFT = YES;
				LD_RUNPATH_SEARCH_PATHS = "@loader_path/../Frameworks";
				MACOSX_DEPLOYMENT_TARGET = 10.10;
				OTHER_SWIFT_FLAGS = "-DXcode";
				PRODUCT_MODULE_NAME = KituraTestSuite;
				PRODUCT_NAME = "$(TARGET_NAME)";
				SWIFT_OPTIMIZATION_LEVEL = "-Onone";
			};
			name = Debug;
		};
		"___DebugConf_LoggerAPI" /* Debug */ = {
			isa = XCBuildConfiguration;
			buildSettings = {
				COMBINE_HIDPI_IMAGES = YES;
				DYLIB_INSTALL_NAME_BASE = "$(CONFIGURATION_BUILD_DIR)";
				ENABLE_TESTABILITY = YES;
				LD_RUNPATH_SEARCH_PATHS = "$(TOOLCHAIN_DIR)/usr/lib/swift/macosx";
				MACOSX_DEPLOYMENT_TARGET = 10.10;
				OTHER_SWIFT_FLAGS = "-DXcode";
				PRODUCT_MODULE_NAME = LoggerAPI;
				PRODUCT_NAME = "lib$(TARGET_NAME)";
				SWIFT_OPTIMIZATION_LEVEL = "-Onone";
			};
			name = Debug;
		};
		"___DebugConf_SwiftyJSON" /* Debug */ = {
			isa = XCBuildConfiguration;
			buildSettings = {
				COMBINE_HIDPI_IMAGES = YES;
				DYLIB_INSTALL_NAME_BASE = "$(CONFIGURATION_BUILD_DIR)";
				ENABLE_TESTABILITY = YES;
				LD_RUNPATH_SEARCH_PATHS = "$(TOOLCHAIN_DIR)/usr/lib/swift/macosx";
				MACOSX_DEPLOYMENT_TARGET = 10.10;
				OTHER_SWIFT_FLAGS = "-DXcode";
				PRODUCT_MODULE_NAME = SwiftyJSON;
				PRODUCT_NAME = "lib$(TARGET_NAME)";
				SWIFT_OPTIMIZATION_LEVEL = "-Onone";
			};
			name = Debug;
		};
		"___DebugConf_TodoList" /* Debug */ = {
			isa = XCBuildConfiguration;
			buildSettings = {
				COMBINE_HIDPI_IMAGES = YES;
				HEADER_SEARCH_PATHS = (
					"${SRCROOT}/Packages/CCurl-0.0.1",
					"${SRCROOT}/Packages/CHttpParser-0.0.2",
				);
				LD_RUNPATH_SEARCH_PATHS = "$(TOOLCHAIN_DIR)/usr/lib/swift/macosx";
				LIBRARY_SEARCH_PATHS = /usr/local/lib;
				MACOSX_DEPLOYMENT_TARGET = 10.10;
				OTHER_SWIFT_FLAGS = "-DXcode";
				PRODUCT_MODULE_NAME = TodoList;
				PRODUCT_NAME = "$(TARGET_NAME)";
				SWIFT_FORCE_DYNAMIC_LINK_STDLIB = YES;
				SWIFT_FORCE_STATIC_LINK_STDLIB = NO;
				SWIFT_OPTIMIZATION_LEVEL = "-Onone";
			};
			name = Debug;
		};
		"___DebugConf_TodoListTestSuite" /* Debug */ = {
			isa = XCBuildConfiguration;
			buildSettings = {
				COMBINE_HIDPI_IMAGES = YES;
				EMBEDDED_CONTENT_CONTAINS_SWIFT = YES;
				LD_RUNPATH_SEARCH_PATHS = "@loader_path/../Frameworks";
				MACOSX_DEPLOYMENT_TARGET = 10.10;
				OTHER_SWIFT_FLAGS = "-DXcode";
				PRODUCT_MODULE_NAME = TodoListTestSuite;
				PRODUCT_NAME = "$(TARGET_NAME)";
				SWIFT_OPTIMIZATION_LEVEL = "-Onone";
			};
			name = Debug;
		};
		"___DebugConf_netTestSuite" /* Debug */ = {
			isa = XCBuildConfiguration;
			buildSettings = {
				COMBINE_HIDPI_IMAGES = YES;
				EMBEDDED_CONTENT_CONTAINS_SWIFT = YES;
				LD_RUNPATH_SEARCH_PATHS = "@loader_path/../Frameworks";
				MACOSX_DEPLOYMENT_TARGET = 10.10;
				OTHER_SWIFT_FLAGS = "-DXcode";
				PRODUCT_MODULE_NAME = netTestSuite;
				PRODUCT_NAME = "$(TARGET_NAME)";
				SWIFT_OPTIMIZATION_LEVEL = "-Onone";
			};
			name = Debug;
		};
		"_____Release_" /* Release */ = {
			isa = XCBuildConfiguration;
			buildSettings = {
			};
			name = Release;
		};
		"_______Debug_" /* Debug */ = {
			isa = XCBuildConfiguration;
			buildSettings = {
			};
			name = Debug;
		};
/* End XCBuildConfiguration section */

/* Begin XCConfigurationList section */
		"___RootConfs_" /* Build configuration list for PBXProject "TodoList" */ = {
			isa = XCConfigurationList;
			buildConfigurations = (
				"_______Debug_" /* Debug */,
				"_____Release_" /* Release */,
			);
			defaultConfigurationIsVisible = 0;
			defaultConfigurationName = Debug;
		};
		"_______Confs_BlueSocket" /* Build configuration list for PBXNativeTarget "BlueSocket" */ = {
			isa = XCConfigurationList;
			buildConfigurations = (
				"___DebugConf_BlueSocket" /* Debug */,
				_ReleaseConf_BlueSocket /* Release */,
			);
			defaultConfigurationIsVisible = 0;
			defaultConfigurationName = Debug;
		};
		"_______Confs_CFEnvironment" /* Build configuration list for PBXNativeTarget "CFEnvironment" */ = {
			isa = XCConfigurationList;
			buildConfigurations = (
				"___DebugConf_CFEnvironment" /* Debug */,
				_ReleaseConf_CFEnvironment /* Release */,
			);
			defaultConfigurationIsVisible = 0;
			defaultConfigurationName = Debug;
		};
		"_______Confs_CFEnvironmentTestSuite" /* Build configuration list for PBXNativeTarget "CFEnvironment.testsuite" */ = {
			isa = XCConfigurationList;
			buildConfigurations = (
				"___DebugConf_CFEnvironmentTestSuite" /* Debug */,
				_ReleaseConf_CFEnvironmentTestSuite /* Release */,
			);
			defaultConfigurationIsVisible = 0;
			defaultConfigurationName = Debug;
		};
		"_______Confs_HeliumLogger" /* Build configuration list for PBXNativeTarget "HeliumLogger" */ = {
			isa = XCConfigurationList;
			buildConfigurations = (
				"___DebugConf_HeliumLogger" /* Debug */,
				_ReleaseConf_HeliumLogger /* Release */,
			);
			defaultConfigurationIsVisible = 0;
			defaultConfigurationName = Debug;
		};
		"_______Confs_Kitura" /* Build configuration list for PBXNativeTarget "Kitura" */ = {
			isa = XCConfigurationList;
			buildConfigurations = (
				"___DebugConf_Kitura" /* Debug */,
				_ReleaseConf_Kitura /* Release */,
			);
			defaultConfigurationIsVisible = 0;
			defaultConfigurationName = Debug;
		};
		"_______Confs_KituraNet" /* Build configuration list for PBXNativeTarget "KituraNet" */ = {
			isa = XCConfigurationList;
			buildConfigurations = (
				"___DebugConf_KituraNet" /* Debug */,
				_ReleaseConf_KituraNet /* Release */,
			);
			defaultConfigurationIsVisible = 0;
			defaultConfigurationName = Debug;
		};
		"_______Confs_KituraSys" /* Build configuration list for PBXNativeTarget "KituraSys" */ = {
			isa = XCConfigurationList;
			buildConfigurations = (
				"___DebugConf_KituraSys" /* Debug */,
				_ReleaseConf_KituraSys /* Release */,
			);
			defaultConfigurationIsVisible = 0;
			defaultConfigurationName = Debug;
		};
		"_______Confs_KituraTemplateEngine" /* Build configuration list for PBXNativeTarget "Kitura-TemplateEngine" */ = {
			isa = XCConfigurationList;
			buildConfigurations = (
				"___DebugConf_KituraTemplateEngine" /* Debug */,
				_ReleaseConf_KituraTemplateEngine /* Release */,
			);
			defaultConfigurationIsVisible = 0;
			defaultConfigurationName = Debug;
		};
		"_______Confs_KituraTestSuite" /* Build configuration list for PBXNativeTarget "Kitura.testsuite" */ = {
			isa = XCConfigurationList;
			buildConfigurations = (
				"___DebugConf_KituraTestSuite" /* Debug */,
				_ReleaseConf_KituraTestSuite /* Release */,
			);
			defaultConfigurationIsVisible = 0;
			defaultConfigurationName = Debug;
		};
		"_______Confs_LoggerAPI" /* Build configuration list for PBXNativeTarget "LoggerAPI" */ = {
			isa = XCConfigurationList;
			buildConfigurations = (
				"___DebugConf_LoggerAPI" /* Debug */,
				_ReleaseConf_LoggerAPI /* Release */,
			);
			defaultConfigurationIsVisible = 0;
			defaultConfigurationName = Debug;
		};
		"_______Confs_SwiftyJSON" /* Build configuration list for PBXNativeTarget "SwiftyJSON" */ = {
			isa = XCConfigurationList;
			buildConfigurations = (
				"___DebugConf_SwiftyJSON" /* Debug */,
				_ReleaseConf_SwiftyJSON /* Release */,
			);
			defaultConfigurationIsVisible = 0;
			defaultConfigurationName = Debug;
		};
		"_______Confs_TodoList" /* Build configuration list for PBXNativeTarget "TodoList" */ = {
			isa = XCConfigurationList;
			buildConfigurations = (
				"___DebugConf_TodoList" /* Debug */,
				_ReleaseConf_TodoList /* Release */,
			);
			defaultConfigurationIsVisible = 0;
			defaultConfigurationName = Debug;
		};
		"_______Confs_TodoListTestSuite" /* Build configuration list for PBXNativeTarget "TodoList.testsuite" */ = {
			isa = XCConfigurationList;
			buildConfigurations = (
				"___DebugConf_TodoListTestSuite" /* Debug */,
				_ReleaseConf_TodoListTestSuite /* Release */,
			);
			defaultConfigurationIsVisible = 0;
			defaultConfigurationName = Debug;
		};
		"_______Confs_netTestSuite" /* Build configuration list for PBXNativeTarget "net.testsuite" */ = {
			isa = XCConfigurationList;
			buildConfigurations = (
				"___DebugConf_netTestSuite" /* Debug */,
				_ReleaseConf_netTestSuite /* Release */,
			);
			defaultConfigurationIsVisible = 0;
			defaultConfigurationName = Debug;
		};
/* End XCConfigurationList section */
	};
	rootObject = __RootObject_ /* Project object */;
}
